{
  "version": 4,
  "terraform_version": "1.6.6",
  "serial": 141,
  "lineage": "8759f1c2-f246-74d9-66e7-53a0cbf82fb7",
  "outputs": {
    "endpoint": {
      "value": "https://68776981834745DF4DFE7557B2314377.gr7.us-east-1.eks.amazonaws.com",
      "type": "string"
    }
  },
  "resources": [
    {
      "mode": "data",
      "type": "aws_eks_cluster",
      "name": "this",
      "provider": "provider[\"registry.terraform.io/hashicorp/aws\"]",
      "instances": [
        {
          "schema_version": 0,
          "attributes": {
            "access_config": [
              {
                "authentication_mode": "CONFIG_MAP",
                "bootstrap_cluster_creator_admin_permissions": true
              }
            ],
            "arn": "arn:aws:eks:us-east-1:202712151808:cluster/dev-eks",
            "certificate_authority": [
              {
                "data": "LS0tLS1CRUdJTiBDRVJUSUZJQ0FURS0tLS0tCk1JSURCVENDQWUyZ0F3SUJBZ0lJQjNhTURmUzVmZk13RFFZSktvWklodmNOQVFFTEJRQXdGVEVUTUJFR0ExVUUKQXhNS2EzVmlaWEp1WlhSbGN6QWVGdzB5TlRBMU1qWXdNekF4TkRaYUZ3MHpOVEExTWpRd016QTJORFphTUJVeApFekFSQmdOVkJBTVRDbXQxWW1WeWJtVjBaWE13Z2dFaU1BMEdDU3FHU0liM0RRRUJBUVVBQTRJQkR3QXdnZ0VLCkFvSUJBUURXL2ZpcXpZZkMwdW9pL2RMNEhCNERoU3VTU1A4UWVhWXgxYmRtb2hZVmZXa0hOQjVvYlNjRDhpU2IKNHVqalFsL0JZY1FVYmJHUDNReXl4Y3krMFhybFBmSGMyQk8vdVVXRldycnJIRWV6R2M0dVRXVnNQaC84VXduVwo1OEdiUG1tbEVkVGN1bjYvZGpaN1RZZlNEZC9WZzlXcERxU2VVS0NkZEpqazU5RTExcE9mTWlyc3ZHZVZsZ0xqCmR0TVYvNHdKbjBobGsrUWk4Nlk3SW5KT1FEdG9kdUd4YlNFLzhnRmFXVlpVbjJoU09xaTVOVkdLMWs0QmhxU0YKZWFGK1NyZzZvc3I0QUtzU3BseWdzOXExVzI1N3U2bGlUYmtUUzlBWUVUcXN4M2VzRmNRZnF0b2R0MmFVNFU0QgpUUG5TbXE2RStMRjhJczFPWkFTVlNDVWtEWXJ2QWdNQkFBR2pXVEJYTUE0R0ExVWREd0VCL3dRRUF3SUNwREFQCkJnTlZIUk1CQWY4RUJUQURBUUgvTUIwR0ExVWREZ1FXQkJTV0w1MDNYdTYzdGpKdkVlM2ZDbys0WUtJdjBqQVYKQmdOVkhSRUVEakFNZ2dwcmRXSmxjbTVsZEdWek1BMEdDU3FHU0liM0RRRUJDd1VBQTRJQkFRQ1dwaUpHeUNySApGNEV4alF0ZGprbWl0NTY2KzhRazJiTUZMZkNCTW9NQUVzcW5saWkxcVhuaFlGQWVZZitTWE5mbTNoelVDeGFxCkdxSFV2VVN4UkNvWUh2YnU2c01yNktnbGp0SHBnYzgvdmoyc2JIcjNQbkJmd0VDejZSYkVYdG5rSGJXSEx1dnAKSFRYbGRJYnZ5M0VmcitML094enJjQzU1V2JwcXIvWWhhSmVoQ2VpMHJML3NwVGpkc3BVWlZJelM3Y281ZDAvMgpObzl4Sm10dHo2OENzKzY5S3psM0t6VzBZcG5mMFlNMmM0R3pXNEsrbGRpNDZaQ3U3WTR6ZXdyOVVqS1ZFakJwCmo1WkJEYkU4aHdrUUpsY05NUXh1VGJESlVFZnUrU1hRYU9hRHJFd1RIOURYYWxVU2ZPVXZiR1gvREszc1ltZXEKVmF6ZFpLclZ1NStJCi0tLS0tRU5EIENFUlRJRklDQVRFLS0tLS0K"
              }
            ],
            "cluster_id": null,
            "compute_config": [],
            "created_at": "2025-05-26T03:02:02Z",
            "enabled_cluster_log_types": [],
            "endpoint": "https://68776981834745DF4DFE7557B2314377.gr7.us-east-1.eks.amazonaws.com",
            "id": "dev-eks",
            "identity": [
              {
                "oidc": [
                  {
                    "issuer": "https://oidc.eks.us-east-1.amazonaws.com/id/68776981834745DF4DFE7557B2314377"
                  }
                ]
              }
            ],
            "kubernetes_network_config": [
              {
                "elastic_load_balancing": [
                  {
                    "enabled": false
                  }
                ],
                "ip_family": "ipv4",
                "service_ipv4_cidr": "10.100.0.0/16",
                "service_ipv6_cidr": ""
              }
            ],
            "name": "dev-eks",
            "outpost_config": [],
            "platform_version": "eks.43",
            "remote_network_config": [],
            "role_arn": "arn:aws:iam::202712151808:role/dev-eks-master",
            "status": "ACTIVE",
            "storage_config": [],
            "tags": {},
            "upgrade_policy": [
              {
                "support_type": "EXTENDED"
              }
            ],
            "version": "1.28",
            "vpc_config": [
              {
                "cluster_security_group_id": "sg-071c4e3cf79169cf6",
                "endpoint_private_access": false,
                "endpoint_public_access": true,
                "public_access_cidrs": [
                  "0.0.0.0/0"
                ],
                "security_group_ids": [],
                "subnet_ids": [
                  "subnet-05bb9c5953b444440",
                  "subnet-0f1e2081eb1b9dff8"
                ],
                "vpc_id": "vpc-034e4829818cd3646"
              }
            ],
            "zonal_shift_config": []
          },
          "sensitive_attributes": []
        }
      ]
    },
    {
      "mode": "data",
      "type": "aws_iam_openid_connect_provider",
      "name": "oidc",
      "provider": "provider[\"registry.terraform.io/hashicorp/aws\"]",
      "instances": [
        {
          "schema_version": 0,
          "attributes": {
            "arn": "arn:aws:iam::202712151808:oidc-provider/oidc.eks.us-east-1.amazonaws.com/id/68776981834745DF4DFE7557B2314377",
            "client_id_list": [
              "sts.amazonaws.com"
            ],
            "id": "arn:aws:iam::202712151808:oidc-provider/oidc.eks.us-east-1.amazonaws.com/id/68776981834745DF4DFE7557B2314377",
            "tags": {},
            "thumbprint_list": [
              "9e99a48a9960b14926bb7f3b02e22da2b0ab7280"
            ],
            "url": "oidc.eks.us-east-1.amazonaws.com/id/68776981834745DF4DFE7557B2314377"
          },
          "sensitive_attributes": []
        }
      ]
    },
    {
      "mode": "data",
      "type": "aws_subnet",
      "name": "efs_subnets",
      "provider": "provider[\"registry.terraform.io/hashicorp/aws\"]",
      "instances": [
        {
          "index_key": "subnet-05bb9c5953b444440",
          "schema_version": 0,
          "attributes": {
            "arn": "arn:aws:ec2:us-east-1:202712151808:subnet/subnet-05bb9c5953b444440",
            "assign_ipv6_address_on_creation": false,
            "availability_zone": "us-east-1a",
            "availability_zone_id": "use1-az2",
            "available_ip_address_count": 247,
            "cidr_block": "192.168.1.0/24",
            "customer_owned_ipv4_pool": "",
            "default_for_az": false,
            "enable_dns64": false,
            "enable_lni_at_device_index": 0,
            "enable_resource_name_dns_a_record_on_launch": false,
            "enable_resource_name_dns_aaaa_record_on_launch": false,
            "filter": null,
            "id": "subnet-05bb9c5953b444440",
            "ipv6_cidr_block": "",
            "ipv6_cidr_block_association_id": "",
            "ipv6_native": false,
            "map_customer_owned_ip_on_launch": false,
            "map_public_ip_on_launch": true,
            "outpost_arn": "",
            "owner_id": "202712151808",
            "private_dns_hostname_type_on_launch": "ip-name",
            "state": "available",
            "tags": {
              "Name": "dev_PublicSubnet1",
              "kubernetes.io/cluster/dev-eks": "shared"
            },
            "timeouts": null,
            "vpc_id": "vpc-034e4829818cd3646"
          },
          "sensitive_attributes": []
        },
        {
          "index_key": "subnet-0f1e2081eb1b9dff8",
          "schema_version": 0,
          "attributes": {
            "arn": "arn:aws:ec2:us-east-1:202712151808:subnet/subnet-0f1e2081eb1b9dff8",
            "assign_ipv6_address_on_creation": false,
            "availability_zone": "us-east-1b",
            "availability_zone_id": "use1-az4",
            "available_ip_address_count": 199,
            "cidr_block": "192.168.2.0/24",
            "customer_owned_ipv4_pool": "",
            "default_for_az": false,
            "enable_dns64": false,
            "enable_lni_at_device_index": 0,
            "enable_resource_name_dns_a_record_on_launch": false,
            "enable_resource_name_dns_aaaa_record_on_launch": false,
            "filter": null,
            "id": "subnet-0f1e2081eb1b9dff8",
            "ipv6_cidr_block": "",
            "ipv6_cidr_block_association_id": "",
            "ipv6_native": false,
            "map_customer_owned_ip_on_launch": false,
            "map_public_ip_on_launch": true,
            "outpost_arn": "",
            "owner_id": "202712151808",
            "private_dns_hostname_type_on_launch": "ip-name",
            "state": "available",
            "tags": {
              "Name": "dev_PublicSubnet2",
              "kubernetes.io/cluster/dev-eks": "shared"
            },
            "timeouts": null,
            "vpc_id": "vpc-034e4829818cd3646"
          },
          "sensitive_attributes": []
        }
      ]
    },
    {
      "mode": "managed",
      "type": "aws_ecr_repository",
      "name": "my_ecr_repo",
      "provider": "provider[\"registry.terraform.io/hashicorp/aws\"]",
      "instances": [
        {
          "schema_version": 0,
          "attributes": {
            "arn": "arn:aws:ecr:us-east-1:202712151808:repository/dev/testapi",
            "encryption_configuration": [
              {
                "encryption_type": "AES256",
                "kms_key": ""
              }
            ],
            "force_delete": null,
            "id": "dev/testapi",
            "image_scanning_configuration": [
              {
                "scan_on_push": false
              }
            ],
            "image_tag_mutability": "MUTABLE",
            "name": "dev/testapi",
            "registry_id": "202712151808",
            "repository_url": "202712151808.dkr.ecr.us-east-1.amazonaws.com/dev/testapi",
            "tags": {
              "Env": "dev"
            },
            "tags_all": {
              "Env": "dev"
            },
            "timeouts": null
          },
          "sensitive_attributes": [],
          "private": "eyJlMmJmYjczMC1lY2FhLTExZTYtOGY4OC0zNDM2M2JjN2M0YzAiOnsiZGVsZXRlIjoxMjAwMDAwMDAwMDAwfX0="
        }
      ]
    },
    {
      "mode": "managed",
      "type": "aws_eks_addon",
      "name": "ebs_csi_driver",
      "provider": "provider[\"registry.terraform.io/hashicorp/aws\"]",
      "instances": [
        {
          "schema_version": 0,
          "attributes": {
            "addon_name": "aws-ebs-csi-driver",
            "addon_version": "v1.44.0-eksbuild.1",
            "arn": "arn:aws:eks:us-east-1:202712151808:addon/dev-eks/aws-ebs-csi-driver/7ecb8552-52fb-3e42-8829-9dbddf2b5e79",
            "cluster_name": "dev-eks",
            "configuration_values": "",
            "created_at": "2025-05-26T03:30:52Z",
            "id": "dev-eks:aws-ebs-csi-driver",
            "modified_at": "2025-05-26T03:31:43Z",
            "pod_identity_association": [],
            "preserve": null,
            "resolve_conflicts": null,
            "resolve_conflicts_on_create": null,
            "resolve_conflicts_on_update": null,
            "service_account_role_arn": "arn:aws:iam::202712151808:role/ebs-csi-driver",
            "tags": {},
            "tags_all": {},
            "timeouts": null
          },
          "sensitive_attributes": [],
          "private": "eyJlMmJmYjczMC1lY2FhLTExZTYtOGY4OC0zNDM2M2JjN2M0YzAiOnsiY3JlYXRlIjoxMjAwMDAwMDAwMDAwLCJkZWxldGUiOjI0MDAwMDAwMDAwMDAsInVwZGF0ZSI6MTIwMDAwMDAwMDAwMH19",
          "dependencies": [
            "aws_eks_cluster.eks",
            "aws_iam_role.master",
            "aws_iam_role_policy_attachment.AmazonEKSClusterPolicy",
            "aws_iam_role_policy_attachment.AmazonEKSServicePolicy",
            "aws_iam_role_policy_attachment.AmazonEKSVPCResourceController",
            "aws_subnet.pub_sub1",
            "aws_subnet.pub_sub2",
            "aws_vpc.vpc",
            "data.aws_iam_openid_connect_provider.oidc",
            "module.ebs_csi_eks_role.aws_iam_role.this",
            "module.ebs_csi_eks_role.data.aws_caller_identity.current",
            "module.ebs_csi_eks_role.data.aws_iam_policy_document.this",
            "module.ebs_csi_eks_role.data.aws_partition.current"
          ]
        }
      ]
    },
    {
      "mode": "managed",
      "type": "aws_eks_cluster",
      "name": "eks",
      "provider": "provider[\"registry.terraform.io/hashicorp/aws\"]",
      "instances": [
        {
          "schema_version": 1,
          "attributes": {
            "access_config": [
              {
                "authentication_mode": "CONFIG_MAP",
                "bootstrap_cluster_creator_admin_permissions": true
              }
            ],
            "arn": "arn:aws:eks:us-east-1:202712151808:cluster/dev-eks",
            "bootstrap_self_managed_addons": true,
            "certificate_authority": [
              {
                "data": "LS0tLS1CRUdJTiBDRVJUSUZJQ0FURS0tLS0tCk1JSURCVENDQWUyZ0F3SUJBZ0lJQjNhTURmUzVmZk13RFFZSktvWklodmNOQVFFTEJRQXdGVEVUTUJFR0ExVUUKQXhNS2EzVmlaWEp1WlhSbGN6QWVGdzB5TlRBMU1qWXdNekF4TkRaYUZ3MHpOVEExTWpRd016QTJORFphTUJVeApFekFSQmdOVkJBTVRDbXQxWW1WeWJtVjBaWE13Z2dFaU1BMEdDU3FHU0liM0RRRUJBUVVBQTRJQkR3QXdnZ0VLCkFvSUJBUURXL2ZpcXpZZkMwdW9pL2RMNEhCNERoU3VTU1A4UWVhWXgxYmRtb2hZVmZXa0hOQjVvYlNjRDhpU2IKNHVqalFsL0JZY1FVYmJHUDNReXl4Y3krMFhybFBmSGMyQk8vdVVXRldycnJIRWV6R2M0dVRXVnNQaC84VXduVwo1OEdiUG1tbEVkVGN1bjYvZGpaN1RZZlNEZC9WZzlXcERxU2VVS0NkZEpqazU5RTExcE9mTWlyc3ZHZVZsZ0xqCmR0TVYvNHdKbjBobGsrUWk4Nlk3SW5KT1FEdG9kdUd4YlNFLzhnRmFXVlpVbjJoU09xaTVOVkdLMWs0QmhxU0YKZWFGK1NyZzZvc3I0QUtzU3BseWdzOXExVzI1N3U2bGlUYmtUUzlBWUVUcXN4M2VzRmNRZnF0b2R0MmFVNFU0QgpUUG5TbXE2RStMRjhJczFPWkFTVlNDVWtEWXJ2QWdNQkFBR2pXVEJYTUE0R0ExVWREd0VCL3dRRUF3SUNwREFQCkJnTlZIUk1CQWY4RUJUQURBUUgvTUIwR0ExVWREZ1FXQkJTV0w1MDNYdTYzdGpKdkVlM2ZDbys0WUtJdjBqQVYKQmdOVkhSRUVEakFNZ2dwcmRXSmxjbTVsZEdWek1BMEdDU3FHU0liM0RRRUJDd1VBQTRJQkFRQ1dwaUpHeUNySApGNEV4alF0ZGprbWl0NTY2KzhRazJiTUZMZkNCTW9NQUVzcW5saWkxcVhuaFlGQWVZZitTWE5mbTNoelVDeGFxCkdxSFV2VVN4UkNvWUh2YnU2c01yNktnbGp0SHBnYzgvdmoyc2JIcjNQbkJmd0VDejZSYkVYdG5rSGJXSEx1dnAKSFRYbGRJYnZ5M0VmcitML094enJjQzU1V2JwcXIvWWhhSmVoQ2VpMHJML3NwVGpkc3BVWlZJelM3Y281ZDAvMgpObzl4Sm10dHo2OENzKzY5S3psM0t6VzBZcG5mMFlNMmM0R3pXNEsrbGRpNDZaQ3U3WTR6ZXdyOVVqS1ZFakJwCmo1WkJEYkU4aHdrUUpsY05NUXh1VGJESlVFZnUrU1hRYU9hRHJFd1RIOURYYWxVU2ZPVXZiR1gvREszc1ltZXEKVmF6ZFpLclZ1NStJCi0tLS0tRU5EIENFUlRJRklDQVRFLS0tLS0K"
              }
            ],
            "cluster_id": null,
            "compute_config": [],
            "created_at": "2025-05-26T03:02:02Z",
            "enabled_cluster_log_types": [],
            "encryption_config": [],
            "endpoint": "https://68776981834745DF4DFE7557B2314377.gr7.us-east-1.eks.amazonaws.com",
            "force_update_version": null,
            "id": "dev-eks",
            "identity": [
              {
                "oidc": [
                  {
                    "issuer": "https://oidc.eks.us-east-1.amazonaws.com/id/68776981834745DF4DFE7557B2314377"
                  }
                ]
              }
            ],
            "kubernetes_network_config": [
              {
                "elastic_load_balancing": [
                  {
                    "enabled": false
                  }
                ],
                "ip_family": "ipv4",
                "service_ipv4_cidr": "10.100.0.0/16",
                "service_ipv6_cidr": ""
              }
            ],
            "name": "dev-eks",
            "outpost_config": [],
            "platform_version": "eks.43",
            "remote_network_config": [],
            "role_arn": "arn:aws:iam::202712151808:role/dev-eks-master",
            "status": "ACTIVE",
            "storage_config": [],
            "tags": {},
            "tags_all": {},
            "timeouts": null,
            "upgrade_policy": [
              {
                "support_type": "EXTENDED"
              }
            ],
            "version": "1.28",
            "vpc_config": [
              {
                "cluster_security_group_id": "sg-071c4e3cf79169cf6",
                "endpoint_private_access": false,
                "endpoint_public_access": true,
                "public_access_cidrs": [
                  "0.0.0.0/0"
                ],
                "security_group_ids": [],
                "subnet_ids": [
                  "subnet-05bb9c5953b444440",
                  "subnet-0f1e2081eb1b9dff8"
                ],
                "vpc_id": "vpc-034e4829818cd3646"
              }
            ],
            "zonal_shift_config": []
          },
          "sensitive_attributes": [],
          "private": "eyJlMmJmYjczMC1lY2FhLTExZTYtOGY4OC0zNDM2M2JjN2M0YzAiOnsiY3JlYXRlIjoxODAwMDAwMDAwMDAwLCJkZWxldGUiOjkwMDAwMDAwMDAwMCwidXBkYXRlIjozNjAwMDAwMDAwMDAwfSwic2NoZW1hX3ZlcnNpb24iOiIxIn0=",
          "dependencies": [
            "aws_iam_role.master",
            "aws_iam_role_policy_attachment.AmazonEKSClusterPolicy",
            "aws_iam_role_policy_attachment.AmazonEKSServicePolicy",
            "aws_iam_role_policy_attachment.AmazonEKSVPCResourceController",
            "aws_subnet.pub_sub1",
            "aws_subnet.pub_sub2",
            "aws_vpc.vpc"
          ]
        }
      ]
    },
    {
      "mode": "managed",
      "type": "aws_eks_node_group",
      "name": "backend",
      "provider": "provider[\"registry.terraform.io/hashicorp/aws\"]",
      "instances": [
        {
          "schema_version": 0,
          "attributes": {
            "ami_type": "AL2_x86_64",
            "arn": "arn:aws:eks:us-east-1:202712151808:nodegroup/dev-eks/dev-backend/e6cb854b-36e3-4097-9acd-744fe2765635",
            "capacity_type": "ON_DEMAND",
            "cluster_name": "dev-eks",
            "disk_size": 20,
            "force_update_version": null,
            "id": "dev-eks:dev-backend",
            "instance_types": [
              "t2.large"
            ],
            "labels": {},
            "launch_template": [],
            "node_group_name": "dev-backend",
            "node_group_name_prefix": "",
            "node_repair_config": [],
            "node_role_arn": "arn:aws:iam::202712151808:role/dev-eks-worker",
            "release_version": "1.28.15-20250519",
            "remote_access": [
              {
                "ec2_ssh_key": "EKS_Key",
                "source_security_group_ids": [
                  "sg-0c127e3efd7c3dab5"
                ]
              }
            ],
            "resources": [
              {
                "autoscaling_groups": [
                  {
                    "name": "eks-dev-backend-e6cb854b-36e3-4097-9acd-744fe2765635"
                  }
                ],
                "remote_access_security_group_id": "sg-04953df42f9c4f4e2"
              }
            ],
            "scaling_config": [
              {
                "desired_size": 1,
                "max_size": 2,
                "min_size": 1
              }
            ],
            "status": "ACTIVE",
            "subnet_ids": [
              "subnet-05bb9c5953b444440",
              "subnet-0f1e2081eb1b9dff8"
            ],
            "tags": {},
            "tags_all": {},
            "taint": [],
            "timeouts": null,
            "update_config": [
              {
                "max_unavailable": 1,
                "max_unavailable_percentage": 0
              }
            ],
            "version": "1.28"
          },
          "sensitive_attributes": [],
          "private": "eyJlMmJmYjczMC1lY2FhLTExZTYtOGY4OC0zNDM2M2JjN2M0YzAiOnsiY3JlYXRlIjozNjAwMDAwMDAwMDAwLCJkZWxldGUiOjM2MDAwMDAwMDAwMDAsInVwZGF0ZSI6MzYwMDAwMDAwMDAwMH19",
          "dependencies": [
            "aws_eks_cluster.eks",
            "aws_iam_role.master",
            "aws_iam_role.worker",
            "aws_iam_role_policy_attachment.AmazonEC2ContainerRegistryReadOnly",
            "aws_iam_role_policy_attachment.AmazonEKSClusterPolicy",
            "aws_iam_role_policy_attachment.AmazonEKSServicePolicy",
            "aws_iam_role_policy_attachment.AmazonEKSVPCResourceController",
            "aws_iam_role_policy_attachment.AmazonEKSWorkerNodePolicy",
            "aws_iam_role_policy_attachment.AmazonEKS_CNI_Policy",
            "aws_security_group.node",
            "aws_subnet.pub_sub1",
            "aws_subnet.pub_sub2",
            "aws_vpc.vpc"
          ]
        }
      ]
    },
    {
      "mode": "managed",
      "type": "aws_eks_node_group",
      "name": "frontend",
      "provider": "provider[\"registry.terraform.io/hashicorp/aws\"]",
      "instances": [
        {
          "schema_version": 0,
          "attributes": {
            "ami_type": "AL2_x86_64",
            "arn": "arn:aws:eks:us-east-1:202712151808:nodegroup/dev-eks/dev-frontend/decb854b-36e8-4aff-dd01-0d080e31d1b8",
            "capacity_type": "ON_DEMAND",
            "cluster_name": "dev-eks",
            "disk_size": 20,
            "force_update_version": null,
            "id": "dev-eks:dev-frontend",
            "instance_types": [
              "t2.large"
            ],
            "labels": {},
            "launch_template": [],
            "node_group_name": "dev-frontend",
            "node_group_name_prefix": "",
            "node_repair_config": [],
            "node_role_arn": "arn:aws:iam::202712151808:role/dev-eks-worker",
            "release_version": "1.28.15-20250519",
            "remote_access": [
              {
                "ec2_ssh_key": "EKS_Key",
                "source_security_group_ids": [
                  "sg-0c127e3efd7c3dab5"
                ]
              }
            ],
            "resources": [
              {
                "autoscaling_groups": [
                  {
                    "name": "eks-dev-frontend-decb854b-36e8-4aff-dd01-0d080e31d1b8"
                  }
                ],
                "remote_access_security_group_id": "sg-0cabc5ec7a6c0c2bd"
              }
            ],
            "scaling_config": [
              {
                "desired_size": 1,
                "max_size": 2,
                "min_size": 1
              }
            ],
            "status": "ACTIVE",
            "subnet_ids": [
              "subnet-05bb9c5953b444440",
              "subnet-0f1e2081eb1b9dff8"
            ],
            "tags": {},
            "tags_all": {},
            "taint": [],
            "timeouts": null,
            "update_config": [
              {
                "max_unavailable": 1,
                "max_unavailable_percentage": 0
              }
            ],
            "version": "1.28"
          },
          "sensitive_attributes": [],
          "private": "eyJlMmJmYjczMC1lY2FhLTExZTYtOGY4OC0zNDM2M2JjN2M0YzAiOnsiY3JlYXRlIjozNjAwMDAwMDAwMDAwLCJkZWxldGUiOjM2MDAwMDAwMDAwMDAsInVwZGF0ZSI6MzYwMDAwMDAwMDAwMH19",
          "dependencies": [
            "aws_eks_cluster.eks",
            "aws_iam_role.master",
            "aws_iam_role.worker",
            "aws_iam_role_policy_attachment.AmazonEC2ContainerRegistryReadOnly",
            "aws_iam_role_policy_attachment.AmazonEKSClusterPolicy",
            "aws_iam_role_policy_attachment.AmazonEKSServicePolicy",
            "aws_iam_role_policy_attachment.AmazonEKSVPCResourceController",
            "aws_iam_role_policy_attachment.AmazonEKSWorkerNodePolicy",
            "aws_iam_role_policy_attachment.AmazonEKS_CNI_Policy",
            "aws_security_group.node",
            "aws_subnet.pub_sub1",
            "aws_subnet.pub_sub2",
            "aws_vpc.vpc"
          ]
        }
      ]
    },
    {
      "mode": "managed",
      "type": "aws_iam_instance_profile",
      "name": "worker",
      "provider": "provider[\"registry.terraform.io/hashicorp/aws\"]",
      "instances": [
        {
          "schema_version": 0,
          "attributes": {
            "arn": "arn:aws:iam::202712151808:instance-profile/dev-eks-worker-profile",
            "create_date": "2025-05-26T03:01:45Z",
            "id": "dev-eks-worker-profile",
            "name": "dev-eks-worker-profile",
            "name_prefix": "",
            "path": "/",
            "role": "dev-eks-worker",
            "tags": {},
            "tags_all": {},
            "unique_id": "AIPAS6MUV64AL5LT3RW4A"
          },
          "sensitive_attributes": [],
          "private": "bnVsbA==",
          "dependencies": [
            "aws_iam_role.worker"
          ]
        }
      ]
    },
    {
      "mode": "managed",
      "type": "aws_iam_policy",
      "name": "alb_extended",
      "provider": "provider[\"registry.terraform.io/hashicorp/aws\"]",
      "instances": [
        {
          "schema_version": 0,
          "attributes": {
            "arn": "arn:aws:iam::202712151808:policy/alb-ingress-extra",
            "attachment_count": 1,
            "description": "",
            "id": "arn:aws:iam::202712151808:policy/alb-ingress-extra",
            "name": "alb-ingress-extra",
            "name_prefix": "",
            "path": "/",
            "policy": "{\"Statement\":[{\"Action\":[\"iam:CreateServiceLinkedRole\"],\"Condition\":{\"StringEquals\":{\"iam:AWSServiceName\":\"elasticloadbalancing.amazonaws.com\"}},\"Effect\":\"Allow\",\"Resource\":\"*\"},{\"Action\":[\"ec2:DescribeAccountAttributes\",\"ec2:DescribeAddresses\",\"ec2:DescribeAvailabilityZones\",\"ec2:DescribeInternetGateways\",\"ec2:DescribeVpcs\",\"ec2:DescribeVpcPeeringConnections\",\"ec2:DescribeSubnets\",\"ec2:DescribeSecurityGroups\",\"ec2:DescribeInstances\",\"ec2:DescribeNetworkInterfaces\",\"ec2:DescribeTags\",\"ec2:GetCoipPoolUsage\",\"ec2:DescribeCoipPools\",\"ec2:GetSecurityGroupsForVpc\",\"ec2:DescribeIpamPools\",\"ec2:DescribeRouteTables\",\"elasticloadbalancing:DescribeLoadBalancers\",\"elasticloadbalancing:DescribeLoadBalancerAttributes\",\"elasticloadbalancing:DescribeListeners\",\"elasticloadbalancing:DescribeListenerCertificates\",\"elasticloadbalancing:DescribeSSLPolicies\",\"elasticloadbalancing:DescribeRules\",\"elasticloadbalancing:DescribeTargetGroups\",\"elasticloadbalancing:DescribeTargetGroupAttributes\",\"elasticloadbalancing:DescribeTargetHealth\",\"elasticloadbalancing:DescribeTags\",\"elasticloadbalancing:DescribeTrustStores\",\"elasticloadbalancing:DescribeListenerAttributes\",\"elasticloadbalancing:DescribeCapacityReservation\"],\"Effect\":\"Allow\",\"Resource\":\"*\"},{\"Action\":[\"cognito-idp:DescribeUserPoolClient\",\"acm:ListCertificates\",\"acm:DescribeCertificate\",\"iam:ListServerCertificates\",\"iam:GetServerCertificate\",\"waf-regional:GetWebACL\",\"waf-regional:GetWebACLForResource\",\"waf-regional:AssociateWebACL\",\"waf-regional:DisassociateWebACL\",\"wafv2:GetWebACL\",\"wafv2:GetWebACLForResource\",\"wafv2:AssociateWebACL\",\"wafv2:DisassociateWebACL\",\"shield:GetSubscriptionState\",\"shield:DescribeProtection\",\"shield:CreateProtection\",\"shield:DeleteProtection\"],\"Effect\":\"Allow\",\"Resource\":\"*\"},{\"Action\":[\"ec2:AuthorizeSecurityGroupIngress\",\"ec2:RevokeSecurityGroupIngress\"],\"Effect\":\"Allow\",\"Resource\":\"*\"},{\"Action\":[\"ec2:CreateSecurityGroup\"],\"Effect\":\"Allow\",\"Resource\":\"*\"},{\"Action\":[\"ec2:CreateTags\"],\"Condition\":{\"Null\":{\"aws:RequestTag/elbv2.k8s.aws/cluster\":\"false\"},\"StringEquals\":{\"ec2:CreateAction\":\"CreateSecurityGroup\"}},\"Effect\":\"Allow\",\"Resource\":\"arn:aws:ec2:*:*:security-group/*\"},{\"Action\":[\"ec2:CreateTags\",\"ec2:DeleteTags\"],\"Condition\":{\"Null\":{\"aws:RequestTag/elbv2.k8s.aws/cluster\":\"true\",\"aws:ResourceTag/elbv2.k8s.aws/cluster\":\"false\"}},\"Effect\":\"Allow\",\"Resource\":\"arn:aws:ec2:*:*:security-group/*\"},{\"Action\":[\"ec2:AuthorizeSecurityGroupIngress\",\"ec2:RevokeSecurityGroupIngress\",\"ec2:DeleteSecurityGroup\"],\"Condition\":{\"Null\":{\"aws:ResourceTag/elbv2.k8s.aws/cluster\":\"false\"}},\"Effect\":\"Allow\",\"Resource\":\"*\"},{\"Action\":[\"elasticloadbalancing:CreateLoadBalancer\",\"elasticloadbalancing:CreateTargetGroup\"],\"Condition\":{\"Null\":{\"aws:RequestTag/elbv2.k8s.aws/cluster\":\"false\"}},\"Effect\":\"Allow\",\"Resource\":\"*\"},{\"Action\":[\"elasticloadbalancing:CreateListener\",\"elasticloadbalancing:DeleteListener\",\"elasticloadbalancing:CreateRule\",\"elasticloadbalancing:DeleteRule\"],\"Effect\":\"Allow\",\"Resource\":\"*\"},{\"Action\":[\"elasticloadbalancing:AddTags\",\"elasticloadbalancing:RemoveTags\"],\"Condition\":{\"Null\":{\"aws:RequestTag/elbv2.k8s.aws/cluster\":\"true\",\"aws:ResourceTag/elbv2.k8s.aws/cluster\":\"false\"}},\"Effect\":\"Allow\",\"Resource\":[\"arn:aws:elasticloadbalancing:*:*:targetgroup/*/*\",\"arn:aws:elasticloadbalancing:*:*:loadbalancer/net/*/*\",\"arn:aws:elasticloadbalancing:*:*:loadbalancer/app/*/*\"]},{\"Action\":[\"elasticloadbalancing:AddTags\",\"elasticloadbalancing:RemoveTags\"],\"Effect\":\"Allow\",\"Resource\":[\"arn:aws:elasticloadbalancing:*:*:listener/net/*/*/*\",\"arn:aws:elasticloadbalancing:*:*:listener/app/*/*/*\",\"arn:aws:elasticloadbalancing:*:*:listener-rule/net/*/*/*\",\"arn:aws:elasticloadbalancing:*:*:listener-rule/app/*/*/*\"]},{\"Action\":[\"elasticloadbalancing:ModifyLoadBalancerAttributes\",\"elasticloadbalancing:SetIpAddressType\",\"elasticloadbalancing:SetSecurityGroups\",\"elasticloadbalancing:SetSubnets\",\"elasticloadbalancing:DeleteLoadBalancer\",\"elasticloadbalancing:ModifyTargetGroup\",\"elasticloadbalancing:ModifyTargetGroupAttributes\",\"elasticloadbalancing:DeleteTargetGroup\",\"elasticloadbalancing:ModifyListenerAttributes\",\"elasticloadbalancing:ModifyCapacityReservation\",\"elasticloadbalancing:ModifyIpPools\"],\"Condition\":{\"Null\":{\"aws:ResourceTag/elbv2.k8s.aws/cluster\":\"false\"}},\"Effect\":\"Allow\",\"Resource\":\"*\"},{\"Action\":[\"elasticloadbalancing:AddTags\"],\"Condition\":{\"Null\":{\"aws:RequestTag/elbv2.k8s.aws/cluster\":\"false\"},\"StringEquals\":{\"elasticloadbalancing:CreateAction\":[\"CreateTargetGroup\",\"CreateLoadBalancer\"]}},\"Effect\":\"Allow\",\"Resource\":[\"arn:aws:elasticloadbalancing:*:*:targetgroup/*/*\",\"arn:aws:elasticloadbalancing:*:*:loadbalancer/net/*/*\",\"arn:aws:elasticloadbalancing:*:*:loadbalancer/app/*/*\"]},{\"Action\":[\"elasticloadbalancing:RegisterTargets\",\"elasticloadbalancing:DeregisterTargets\"],\"Effect\":\"Allow\",\"Resource\":\"arn:aws:elasticloadbalancing:*:*:targetgroup/*/*\"},{\"Action\":[\"elasticloadbalancing:SetWebAcl\",\"elasticloadbalancing:ModifyListener\",\"elasticloadbalancing:AddListenerCertificates\",\"elasticloadbalancing:RemoveListenerCertificates\",\"elasticloadbalancing:ModifyRule\",\"elasticloadbalancing:SetRulePriorities\"],\"Effect\":\"Allow\",\"Resource\":\"*\"}],\"Version\":\"2012-10-17\"}",
            "policy_id": "ANPAS6MUV64AF5BKLOAJE",
            "tags": {},
            "tags_all": {}
          },
          "sensitive_attributes": [],
          "private": "bnVsbA=="
        }
      ]
    },
    {
      "mode": "managed",
      "type": "aws_iam_policy",
      "name": "autoscaler",
      "provider": "provider[\"registry.terraform.io/hashicorp/aws\"]",
      "instances": [
        {
          "schema_version": 0,
          "attributes": {
            "arn": "arn:aws:iam::202712151808:policy/dev-eks-autoscaler-policy",
            "attachment_count": 1,
            "description": "",
            "id": "arn:aws:iam::202712151808:policy/dev-eks-autoscaler-policy",
            "name": "dev-eks-autoscaler-policy",
            "name_prefix": "",
            "path": "/",
            "policy": "{\"Statement\":[{\"Action\":[\"autoscaling:DescribeAutoScalingGroups\",\"autoscaling:DescribeAutoScalingInstances\",\"autoscaling:DescribeTags\",\"autoscaling:DescribeLaunchConfigurations\",\"autoscaling:SetDesiredCapacity\",\"autoscaling:TerminateInstanceInAutoScalingGroup\",\"ec2:DescribeLaunchTemplateVersions\"],\"Effect\":\"Allow\",\"Resource\":\"*\"}],\"Version\":\"2012-10-17\"}",
            "policy_id": "ANPAS6MUV64AN6AXCRVSV",
            "tags": {},
            "tags_all": {}
          },
          "sensitive_attributes": [],
          "private": "bnVsbA=="
        }
      ]
    },
    {
      "mode": "managed",
      "type": "aws_iam_role",
      "name": "master",
      "provider": "provider[\"registry.terraform.io/hashicorp/aws\"]",
      "instances": [
        {
          "schema_version": 0,
          "attributes": {
            "arn": "arn:aws:iam::202712151808:role/dev-eks-master",
            "assume_role_policy": "{\"Statement\":[{\"Action\":\"sts:AssumeRole\",\"Effect\":\"Allow\",\"Principal\":{\"Service\":\"eks.amazonaws.com\"}}],\"Version\":\"2012-10-17\"}",
            "create_date": "2025-05-26T03:01:44Z",
            "description": "",
            "force_detach_policies": false,
            "id": "dev-eks-master",
            "inline_policy": [],
            "managed_policy_arns": [
              "arn:aws:iam::aws:policy/AmazonEKSClusterPolicy",
              "arn:aws:iam::aws:policy/AmazonEKSServicePolicy",
              "arn:aws:iam::aws:policy/AmazonEKSVPCResourceController"
            ],
            "max_session_duration": 3600,
            "name": "dev-eks-master",
            "name_prefix": "",
            "path": "/",
            "permissions_boundary": "",
            "tags": {},
            "tags_all": {},
            "unique_id": "AROAS6MUV64AFJES52PSZ"
          },
          "sensitive_attributes": [],
          "private": "bnVsbA=="
        }
      ]
    },
    {
      "mode": "managed",
      "type": "aws_iam_role",
      "name": "worker",
      "provider": "provider[\"registry.terraform.io/hashicorp/aws\"]",
      "instances": [
        {
          "schema_version": 0,
          "attributes": {
            "arn": "arn:aws:iam::202712151808:role/dev-eks-worker",
            "assume_role_policy": "{\"Statement\":[{\"Action\":\"sts:AssumeRole\",\"Effect\":\"Allow\",\"Principal\":{\"Service\":\"ec2.amazonaws.com\"}}],\"Version\":\"2012-10-17\"}",
            "create_date": "2025-05-26T03:01:44Z",
            "description": "",
            "force_detach_policies": false,
            "id": "dev-eks-worker",
            "inline_policy": [],
            "managed_policy_arns": [
              "arn:aws:iam::202712151808:policy/dev-eks-autoscaler-policy",
              "arn:aws:iam::aws:policy/AWSXRayDaemonWriteAccess",
              "arn:aws:iam::aws:policy/AmazonEC2ContainerRegistryReadOnly",
              "arn:aws:iam::aws:policy/AmazonEKSWorkerNodePolicy",
              "arn:aws:iam::aws:policy/AmazonEKS_CNI_Policy",
              "arn:aws:iam::aws:policy/AmazonS3ReadOnlyAccess",
              "arn:aws:iam::aws:policy/AmazonSSMManagedInstanceCore",
              "arn:aws:iam::aws:policy/service-role/AmazonEBSCSIDriverPolicy",
              "arn:aws:iam::aws:policy/service-role/AmazonEFSCSIDriverPolicy"
            ],
            "max_session_duration": 3600,
            "name": "dev-eks-worker",
            "name_prefix": "",
            "path": "/",
            "permissions_boundary": "",
            "tags": {},
            "tags_all": {},
            "unique_id": "AROAS6MUV64AGAUO5PLZW"
          },
          "sensitive_attributes": [],
          "private": "bnVsbA=="
        }
      ]
    },
    {
      "mode": "managed",
      "type": "aws_iam_role_policy_attachment",
      "name": "AmazonEBSCSIDriverPolicy",
      "provider": "provider[\"registry.terraform.io/hashicorp/aws\"]",
      "instances": [
        {
          "schema_version": 0,
          "attributes": {
            "id": "dev-eks-worker-20250526030145036700000001",
            "policy_arn": "arn:aws:iam::aws:policy/service-role/AmazonEBSCSIDriverPolicy",
            "role": "dev-eks-worker"
          },
          "sensitive_attributes": [],
          "private": "bnVsbA==",
          "dependencies": [
            "aws_iam_role.worker"
          ]
        }
      ]
    },
    {
      "mode": "managed",
      "type": "aws_iam_role_policy_attachment",
      "name": "AmazonEC2ContainerRegistryReadOnly",
      "provider": "provider[\"registry.terraform.io/hashicorp/aws\"]",
      "instances": [
        {
          "schema_version": 0,
          "attributes": {
            "id": "dev-eks-worker-20250526030145248500000008",
            "policy_arn": "arn:aws:iam::aws:policy/AmazonEC2ContainerRegistryReadOnly",
            "role": "dev-eks-worker"
          },
          "sensitive_attributes": [],
          "private": "bnVsbA==",
          "dependencies": [
            "aws_iam_role.worker"
          ]
        }
      ]
    },
    {
      "mode": "managed",
      "type": "aws_iam_role_policy_attachment",
      "name": "AmazonEFSCSIDriverPolicy",
      "provider": "provider[\"registry.terraform.io/hashicorp/aws\"]",
      "instances": [
        {
          "schema_version": 0,
          "attributes": {
            "id": "dev-eks-worker-20250526030145158800000005",
            "policy_arn": "arn:aws:iam::aws:policy/service-role/AmazonEFSCSIDriverPolicy",
            "role": "dev-eks-worker"
          },
          "sensitive_attributes": [],
          "private": "bnVsbA==",
          "dependencies": [
            "aws_iam_role.worker"
          ]
        }
      ]
    },
    {
      "mode": "managed",
      "type": "aws_iam_role_policy_attachment",
      "name": "AmazonEKSClusterPolicy",
      "provider": "provider[\"registry.terraform.io/hashicorp/aws\"]",
      "instances": [
        {
          "schema_version": 0,
          "attributes": {
            "id": "dev-eks-master-20250526030145046300000003",
            "policy_arn": "arn:aws:iam::aws:policy/AmazonEKSClusterPolicy",
            "role": "dev-eks-master"
          },
          "sensitive_attributes": [],
          "private": "bnVsbA==",
          "dependencies": [
            "aws_iam_role.master"
          ]
        }
      ]
    },
    {
      "mode": "managed",
      "type": "aws_iam_role_policy_attachment",
      "name": "AmazonEKSServicePolicy",
      "provider": "provider[\"registry.terraform.io/hashicorp/aws\"]",
      "instances": [
        {
          "schema_version": 0,
          "attributes": {
            "id": "dev-eks-master-20250526030145181700000006",
            "policy_arn": "arn:aws:iam::aws:policy/AmazonEKSServicePolicy",
            "role": "dev-eks-master"
          },
          "sensitive_attributes": [],
          "private": "bnVsbA==",
          "dependencies": [
            "aws_iam_role.master"
          ]
        }
      ]
    },
    {
      "mode": "managed",
      "type": "aws_iam_role_policy_attachment",
      "name": "AmazonEKSVPCResourceController",
      "provider": "provider[\"registry.terraform.io/hashicorp/aws\"]",
      "instances": [
        {
          "schema_version": 0,
          "attributes": {
            "id": "dev-eks-master-20250526030145036800000002",
            "policy_arn": "arn:aws:iam::aws:policy/AmazonEKSVPCResourceController",
            "role": "dev-eks-master"
          },
          "sensitive_attributes": [],
          "private": "bnVsbA==",
          "dependencies": [
            "aws_iam_role.master"
          ]
        }
      ]
    },
    {
      "mode": "managed",
      "type": "aws_iam_role_policy_attachment",
      "name": "AmazonEKSWorkerNodePolicy",
      "provider": "provider[\"registry.terraform.io/hashicorp/aws\"]",
      "instances": [
        {
          "schema_version": 0,
          "attributes": {
            "id": "dev-eks-worker-20250526030146784800000009",
            "policy_arn": "arn:aws:iam::aws:policy/AmazonEKSWorkerNodePolicy",
            "role": "dev-eks-worker"
          },
          "sensitive_attributes": [],
          "private": "bnVsbA==",
          "dependencies": [
            "aws_iam_role.worker"
          ]
        }
      ]
    },
    {
      "mode": "managed",
      "type": "aws_iam_role_policy_attachment",
      "name": "AmazonEKS_CNI_Policy",
      "provider": "provider[\"registry.terraform.io/hashicorp/aws\"]",
      "instances": [
        {
          "schema_version": 0,
          "attributes": {
            "id": "dev-eks-worker-20250526030145149700000004",
            "policy_arn": "arn:aws:iam::aws:policy/AmazonEKS_CNI_Policy",
            "role": "dev-eks-worker"
          },
          "sensitive_attributes": [],
          "private": "bnVsbA==",
          "dependencies": [
            "aws_iam_role.worker"
          ]
        }
      ]
    },
    {
      "mode": "managed",
      "type": "aws_iam_role_policy_attachment",
      "name": "AmazonSSMManagedInstanceCore",
      "provider": "provider[\"registry.terraform.io/hashicorp/aws\"]",
      "instances": [
        {
          "schema_version": 0,
          "attributes": {
            "id": "dev-eks-worker-2025052603014691440000000e",
            "policy_arn": "arn:aws:iam::aws:policy/AmazonSSMManagedInstanceCore",
            "role": "dev-eks-worker"
          },
          "sensitive_attributes": [],
          "private": "bnVsbA==",
          "dependencies": [
            "aws_iam_role.worker"
          ]
        }
      ]
    },
    {
      "mode": "managed",
      "type": "aws_iam_role_policy_attachment",
      "name": "alb_irsa_attachment",
      "provider": "provider[\"registry.terraform.io/hashicorp/aws\"]",
      "instances": [
        {
          "schema_version": 0,
          "attributes": {
            "id": "alb-ingress-controller-irsa-20250526182415566700000001",
            "policy_arn": "arn:aws:iam::202712151808:policy/alb-ingress-extra",
            "role": "alb-ingress-controller-irsa"
          },
          "sensitive_attributes": [],
          "private": "bnVsbA==",
          "dependencies": [
            "aws_eks_cluster.eks",
            "aws_iam_policy.alb_extended",
            "aws_iam_role.master",
            "aws_iam_role_policy_attachment.AmazonEKSClusterPolicy",
            "aws_iam_role_policy_attachment.AmazonEKSServicePolicy",
            "aws_iam_role_policy_attachment.AmazonEKSVPCResourceController",
            "aws_subnet.pub_sub1",
            "aws_subnet.pub_sub2",
            "aws_vpc.vpc",
            "data.aws_iam_openid_connect_provider.oidc",
            "module.alb_ingress_irsa.aws_iam_policy.amazon_managed_service_prometheus",
            "module.alb_ingress_irsa.aws_iam_policy.appmesh_controller",
            "module.alb_ingress_irsa.aws_iam_policy.appmesh_envoy_proxy",
            "module.alb_ingress_irsa.aws_iam_policy.aws_gateway_controller",
            "module.alb_ingress_irsa.aws_iam_policy.cert_manager",
            "module.alb_ingress_irsa.aws_iam_policy.cluster_autoscaler",
            "module.alb_ingress_irsa.aws_iam_policy.ebs_csi",
            "module.alb_ingress_irsa.aws_iam_policy.efs_csi",
            "module.alb_ingress_irsa.aws_iam_policy.external_dns",
            "module.alb_ingress_irsa.aws_iam_policy.external_secrets",
            "module.alb_ingress_irsa.aws_iam_policy.fsx_lustre_csi",
            "module.alb_ingress_irsa.aws_iam_policy.karpenter_controller",
            "module.alb_ingress_irsa.aws_iam_policy.load_balancer_controller",
            "module.alb_ingress_irsa.aws_iam_policy.load_balancer_controller_targetgroup_only",
            "module.alb_ingress_irsa.aws_iam_policy.mountpoint_s3_csi",
            "module.alb_ingress_irsa.aws_iam_policy.node_termination_handler",
            "module.alb_ingress_irsa.aws_iam_policy.velero",
            "module.alb_ingress_irsa.aws_iam_policy.vpc_cni",
            "module.alb_ingress_irsa.aws_iam_role.this",
            "module.alb_ingress_irsa.aws_iam_role_policy_attachment.amazon_cloudwatch_observability",
            "module.alb_ingress_irsa.aws_iam_role_policy_attachment.amazon_managed_service_prometheus",
            "module.alb_ingress_irsa.aws_iam_role_policy_attachment.appmesh_controller",
            "module.alb_ingress_irsa.aws_iam_role_policy_attachment.appmesh_envoy_proxy",
            "module.alb_ingress_irsa.aws_iam_role_policy_attachment.aws_gateway_controller",
            "module.alb_ingress_irsa.aws_iam_role_policy_attachment.cert_manager",
            "module.alb_ingress_irsa.aws_iam_role_policy_attachment.cluster_autoscaler",
            "module.alb_ingress_irsa.aws_iam_role_policy_attachment.ebs_csi",
            "module.alb_ingress_irsa.aws_iam_role_policy_attachment.efs_csi",
            "module.alb_ingress_irsa.aws_iam_role_policy_attachment.external_dns",
            "module.alb_ingress_irsa.aws_iam_role_policy_attachment.external_secrets",
            "module.alb_ingress_irsa.aws_iam_role_policy_attachment.fsx_lustre_csi",
            "module.alb_ingress_irsa.aws_iam_role_policy_attachment.karpenter_controller",
            "module.alb_ingress_irsa.aws_iam_role_policy_attachment.load_balancer_controller",
            "module.alb_ingress_irsa.aws_iam_role_policy_attachment.load_balancer_controller_targetgroup_only",
            "module.alb_ingress_irsa.aws_iam_role_policy_attachment.mountpoint_s3_csi",
            "module.alb_ingress_irsa.aws_iam_role_policy_attachment.node_termination_handler",
            "module.alb_ingress_irsa.aws_iam_role_policy_attachment.this",
            "module.alb_ingress_irsa.aws_iam_role_policy_attachment.velero",
            "module.alb_ingress_irsa.aws_iam_role_policy_attachment.vpc_cni",
            "module.alb_ingress_irsa.data.aws_caller_identity.current",
            "module.alb_ingress_irsa.data.aws_iam_policy_document.amazon_managed_service_prometheus",
            "module.alb_ingress_irsa.data.aws_iam_policy_document.appmesh_controller",
            "module.alb_ingress_irsa.data.aws_iam_policy_document.appmesh_envoy_proxy",
            "module.alb_ingress_irsa.data.aws_iam_policy_document.aws_gateway_controller",
            "module.alb_ingress_irsa.data.aws_iam_policy_document.cert_manager",
            "module.alb_ingress_irsa.data.aws_iam_policy_document.cluster_autoscaler",
            "module.alb_ingress_irsa.data.aws_iam_policy_document.ebs_csi",
            "module.alb_ingress_irsa.data.aws_iam_policy_document.efs_csi",
            "module.alb_ingress_irsa.data.aws_iam_policy_document.external_dns",
            "module.alb_ingress_irsa.data.aws_iam_policy_document.external_secrets",
            "module.alb_ingress_irsa.data.aws_iam_policy_document.fsx_lustre_csi",
            "module.alb_ingress_irsa.data.aws_iam_policy_document.karpenter_controller",
            "module.alb_ingress_irsa.data.aws_iam_policy_document.load_balancer_controller",
            "module.alb_ingress_irsa.data.aws_iam_policy_document.load_balancer_controller_targetgroup_only",
            "module.alb_ingress_irsa.data.aws_iam_policy_document.mountpoint_s3_csi",
            "module.alb_ingress_irsa.data.aws_iam_policy_document.node_termination_handler",
            "module.alb_ingress_irsa.data.aws_iam_policy_document.this",
            "module.alb_ingress_irsa.data.aws_iam_policy_document.velero",
            "module.alb_ingress_irsa.data.aws_iam_policy_document.vpc_cni",
            "module.alb_ingress_irsa.data.aws_partition.current",
            "module.alb_ingress_irsa.data.aws_region.current",
            "null_resource.download_policy"
          ]
        }
      ]
    },
    {
      "mode": "managed",
      "type": "aws_iam_role_policy_attachment",
      "name": "autoscaler",
      "provider": "provider[\"registry.terraform.io/hashicorp/aws\"]",
      "instances": [
        {
          "schema_version": 0,
          "attributes": {
            "id": "dev-eks-worker-20250526030145243700000007",
            "policy_arn": "arn:aws:iam::202712151808:policy/dev-eks-autoscaler-policy",
            "role": "dev-eks-worker"
          },
          "sensitive_attributes": [],
          "private": "bnVsbA==",
          "dependencies": [
            "aws_iam_policy.autoscaler",
            "aws_iam_role.worker"
          ]
        }
      ]
    },
    {
      "mode": "managed",
      "type": "aws_iam_role_policy_attachment",
      "name": "ebs_csi_driver_attach",
      "provider": "provider[\"registry.terraform.io/hashicorp/aws\"]",
      "instances": [
        {
          "schema_version": 0,
          "attributes": {
            "id": "ebs-csi-driver-20250526033050298100000002",
            "policy_arn": "arn:aws:iam::aws:policy/service-role/AmazonEBSCSIDriverPolicy",
            "role": "ebs-csi-driver"
          },
          "sensitive_attributes": [],
          "private": "bnVsbA==",
          "dependencies": [
            "data.aws_iam_openid_connect_provider.oidc",
            "module.ebs_csi_eks_role.aws_iam_role.this",
            "module.ebs_csi_eks_role.data.aws_caller_identity.current",
            "module.ebs_csi_eks_role.data.aws_iam_policy_document.this",
            "module.ebs_csi_eks_role.data.aws_partition.current"
          ]
        }
      ]
    },
    {
      "mode": "managed",
      "type": "aws_iam_role_policy_attachment",
      "name": "efs_csi_policy_attachment",
      "provider": "provider[\"registry.terraform.io/hashicorp/aws\"]",
      "instances": [
        {
          "schema_version": 0,
          "attributes": {
            "id": "efs_csi-20250526035315607100000001",
            "policy_arn": "arn:aws:iam::aws:policy/service-role/AmazonEFSCSIDriverPolicy",
            "role": "efs_csi"
          },
          "sensitive_attributes": [],
          "private": "bnVsbA==",
          "dependencies": [
            "data.aws_iam_openid_connect_provider.oidc",
            "module.efs_csi_eks_role.aws_iam_role.this",
            "module.efs_csi_eks_role.data.aws_caller_identity.current",
            "module.efs_csi_eks_role.data.aws_iam_policy_document.this",
            "module.efs_csi_eks_role.data.aws_partition.current"
          ]
        }
      ]
    },
    {
      "mode": "managed",
      "type": "aws_iam_role_policy_attachment",
      "name": "s3",
      "provider": "provider[\"registry.terraform.io/hashicorp/aws\"]",
      "instances": [
        {
          "schema_version": 0,
          "attributes": {
            "id": "dev-eks-worker-2025052603014679130000000a",
            "policy_arn": "arn:aws:iam::aws:policy/AmazonS3ReadOnlyAccess",
            "role": "dev-eks-worker"
          },
          "sensitive_attributes": [],
          "private": "bnVsbA==",
          "dependencies": [
            "aws_iam_role.worker"
          ]
        }
      ]
    },
    {
      "mode": "managed",
      "type": "aws_iam_role_policy_attachment",
      "name": "x-ray",
      "provider": "provider[\"registry.terraform.io/hashicorp/aws\"]",
      "instances": [
        {
          "schema_version": 0,
          "attributes": {
            "id": "dev-eks-worker-2025052603014690370000000d",
            "policy_arn": "arn:aws:iam::aws:policy/AWSXRayDaemonWriteAccess",
            "role": "dev-eks-worker"
          },
          "sensitive_attributes": [],
          "private": "bnVsbA==",
          "dependencies": [
            "aws_iam_role.worker"
          ]
        }
      ]
    },
    {
      "mode": "managed",
      "type": "aws_internet_gateway",
      "name": "igw",
      "provider": "provider[\"registry.terraform.io/hashicorp/aws\"]",
      "instances": [
        {
          "schema_version": 0,
          "attributes": {
            "arn": "arn:aws:ec2:us-east-1:202712151808:internet-gateway/igw-05b9a036e2da442b9",
            "id": "igw-05b9a036e2da442b9",
            "owner_id": "202712151808",
            "tags": {
              "Name": "dev_InternetGateway"
            },
            "tags_all": {
              "Name": "dev_InternetGateway"
            },
            "timeouts": null,
            "vpc_id": "vpc-034e4829818cd3646"
          },
          "sensitive_attributes": [],
          "private": "eyJlMmJmYjczMC1lY2FhLTExZTYtOGY4OC0zNDM2M2JjN2M0YzAiOnsiY3JlYXRlIjoxMjAwMDAwMDAwMDAwLCJkZWxldGUiOjEyMDAwMDAwMDAwMDAsInVwZGF0ZSI6MTIwMDAwMDAwMDAwMH19",
          "dependencies": [
            "aws_vpc.vpc"
          ]
        }
      ]
    },
    {
      "mode": "managed",
      "type": "aws_route",
      "name": "pub-rt",
      "provider": "provider[\"registry.terraform.io/hashicorp/aws\"]",
      "instances": [
        {
          "schema_version": 0,
          "attributes": {
            "carrier_gateway_id": "",
            "core_network_arn": "",
            "destination_cidr_block": "0.0.0.0/0",
            "destination_ipv6_cidr_block": "",
            "destination_prefix_list_id": "",
            "egress_only_gateway_id": "",
            "gateway_id": "igw-05b9a036e2da442b9",
            "id": "r-rtb-0843c0dacabf027981080289494",
            "instance_id": "",
            "instance_owner_id": "",
            "local_gateway_id": "",
            "nat_gateway_id": "",
            "network_interface_id": "",
            "origin": "CreateRoute",
            "route_table_id": "rtb-0843c0dacabf02798",
            "state": "active",
            "timeouts": null,
            "transit_gateway_id": "",
            "vpc_endpoint_id": "",
            "vpc_peering_connection_id": ""
          },
          "sensitive_attributes": [],
          "private": "eyJlMmJmYjczMC1lY2FhLTExZTYtOGY4OC0zNDM2M2JjN2M0YzAiOnsiY3JlYXRlIjozMDAwMDAwMDAwMDAsImRlbGV0ZSI6MzAwMDAwMDAwMDAwLCJ1cGRhdGUiOjEyMDAwMDAwMDAwMH19",
          "dependencies": [
            "aws_internet_gateway.igw",
            "aws_route_table.pub_rt",
            "aws_vpc.vpc"
          ]
        }
      ]
    },
    {
      "mode": "managed",
      "type": "aws_route_table",
      "name": "priv_rt",
      "provider": "provider[\"registry.terraform.io/hashicorp/aws\"]",
      "instances": [
        {
          "schema_version": 0,
          "attributes": {
            "arn": "arn:aws:ec2:us-east-1:202712151808:route-table/rtb-0859eb5e5c049ecb0",
            "id": "rtb-0859eb5e5c049ecb0",
            "owner_id": "202712151808",
            "propagating_vgws": [],
            "route": [],
            "tags": {
              "Name": "dev_PrivateRouteTable"
            },
            "tags_all": {
              "Name": "dev_PrivateRouteTable"
            },
            "timeouts": null,
            "vpc_id": "vpc-034e4829818cd3646"
          },
          "sensitive_attributes": [],
          "private": "eyJlMmJmYjczMC1lY2FhLTExZTYtOGY4OC0zNDM2M2JjN2M0YzAiOnsiY3JlYXRlIjozMDAwMDAwMDAwMDAsImRlbGV0ZSI6MzAwMDAwMDAwMDAwLCJ1cGRhdGUiOjEyMDAwMDAwMDAwMH19",
          "dependencies": [
            "aws_vpc.vpc"
          ]
        }
      ]
    },
    {
      "mode": "managed",
      "type": "aws_route_table",
      "name": "pub_rt",
      "provider": "provider[\"registry.terraform.io/hashicorp/aws\"]",
      "instances": [
        {
          "schema_version": 0,
          "attributes": {
            "arn": "arn:aws:ec2:us-east-1:202712151808:route-table/rtb-0843c0dacabf02798",
            "id": "rtb-0843c0dacabf02798",
            "owner_id": "202712151808",
            "propagating_vgws": [],
            "route": [
              {
                "carrier_gateway_id": "",
                "cidr_block": "0.0.0.0/0",
                "core_network_arn": "",
                "destination_prefix_list_id": "",
                "egress_only_gateway_id": "",
                "gateway_id": "igw-05b9a036e2da442b9",
                "ipv6_cidr_block": "",
                "local_gateway_id": "",
                "nat_gateway_id": "",
                "network_interface_id": "",
                "transit_gateway_id": "",
                "vpc_endpoint_id": "",
                "vpc_peering_connection_id": ""
              }
            ],
            "tags": {
              "Name": "dev_PublicRouteTable"
            },
            "tags_all": {
              "Name": "dev_PublicRouteTable"
            },
            "timeouts": null,
            "vpc_id": "vpc-034e4829818cd3646"
          },
          "sensitive_attributes": [],
          "private": "eyJlMmJmYjczMC1lY2FhLTExZTYtOGY4OC0zNDM2M2JjN2M0YzAiOnsiY3JlYXRlIjozMDAwMDAwMDAwMDAsImRlbGV0ZSI6MzAwMDAwMDAwMDAwLCJ1cGRhdGUiOjEyMDAwMDAwMDAwMH19",
          "dependencies": [
            "aws_vpc.vpc"
          ]
        }
      ]
    },
    {
      "mode": "managed",
      "type": "aws_route_table_association",
      "name": "priv-sub1-rt-association",
      "provider": "provider[\"registry.terraform.io/hashicorp/aws\"]",
      "instances": [
        {
          "schema_version": 0,
          "attributes": {
            "gateway_id": "",
            "id": "rtbassoc-01e597daaad4ba407",
            "route_table_id": "rtb-0859eb5e5c049ecb0",
            "subnet_id": "subnet-00541adaa15b25b97",
            "timeouts": null
          },
          "sensitive_attributes": [],
          "private": "eyJlMmJmYjczMC1lY2FhLTExZTYtOGY4OC0zNDM2M2JjN2M0YzAiOnsiY3JlYXRlIjozMDAwMDAwMDAwMDAsImRlbGV0ZSI6MzAwMDAwMDAwMDAwLCJ1cGRhdGUiOjEyMDAwMDAwMDAwMH19",
          "dependencies": [
            "aws_route_table.priv_rt",
            "aws_subnet.priv_sub1",
            "aws_vpc.vpc"
          ]
        }
      ]
    },
    {
      "mode": "managed",
      "type": "aws_route_table_association",
      "name": "priv-sub2-rt-association",
      "provider": "provider[\"registry.terraform.io/hashicorp/aws\"]",
      "instances": [
        {
          "schema_version": 0,
          "attributes": {
            "gateway_id": "",
            "id": "rtbassoc-029eb9e7d95313530",
            "route_table_id": "rtb-0859eb5e5c049ecb0",
            "subnet_id": "subnet-08ad12807a0c5a969",
            "timeouts": null
          },
          "sensitive_attributes": [],
          "private": "eyJlMmJmYjczMC1lY2FhLTExZTYtOGY4OC0zNDM2M2JjN2M0YzAiOnsiY3JlYXRlIjozMDAwMDAwMDAwMDAsImRlbGV0ZSI6MzAwMDAwMDAwMDAwLCJ1cGRhdGUiOjEyMDAwMDAwMDAwMH19",
          "dependencies": [
            "aws_route_table.priv_rt",
            "aws_subnet.priv_sub2",
            "aws_vpc.vpc"
          ]
        }
      ]
    },
    {
      "mode": "managed",
      "type": "aws_route_table_association",
      "name": "pub-sub1-rt-association",
      "provider": "provider[\"registry.terraform.io/hashicorp/aws\"]",
      "instances": [
        {
          "schema_version": 0,
          "attributes": {
            "gateway_id": "",
            "id": "rtbassoc-0c4c0068a2412b2d2",
            "route_table_id": "rtb-0843c0dacabf02798",
            "subnet_id": "subnet-05bb9c5953b444440",
            "timeouts": null
          },
          "sensitive_attributes": [],
          "private": "eyJlMmJmYjczMC1lY2FhLTExZTYtOGY4OC0zNDM2M2JjN2M0YzAiOnsiY3JlYXRlIjozMDAwMDAwMDAwMDAsImRlbGV0ZSI6MzAwMDAwMDAwMDAwLCJ1cGRhdGUiOjEyMDAwMDAwMDAwMH19",
          "dependencies": [
            "aws_route_table.pub_rt",
            "aws_subnet.pub_sub1",
            "aws_vpc.vpc"
          ]
        }
      ]
    },
    {
      "mode": "managed",
      "type": "aws_route_table_association",
      "name": "pub-sub2-rt-association",
      "provider": "provider[\"registry.terraform.io/hashicorp/aws\"]",
      "instances": [
        {
          "schema_version": 0,
          "attributes": {
            "gateway_id": "",
            "id": "rtbassoc-0c47e3aca7e5cc842",
            "route_table_id": "rtb-0843c0dacabf02798",
            "subnet_id": "subnet-0f1e2081eb1b9dff8",
            "timeouts": null
          },
          "sensitive_attributes": [],
          "private": "eyJlMmJmYjczMC1lY2FhLTExZTYtOGY4OC0zNDM2M2JjN2M0YzAiOnsiY3JlYXRlIjozMDAwMDAwMDAwMDAsImRlbGV0ZSI6MzAwMDAwMDAwMDAwLCJ1cGRhdGUiOjEyMDAwMDAwMDAwMH19",
          "dependencies": [
            "aws_route_table.pub_rt",
            "aws_subnet.pub_sub2",
            "aws_vpc.vpc"
          ]
        }
      ]
    },
    {
      "mode": "managed",
      "type": "aws_security_group",
      "name": "node",
      "provider": "provider[\"registry.terraform.io/hashicorp/aws\"]",
      "instances": [
        {
          "schema_version": 1,
          "attributes": {
            "arn": "arn:aws:ec2:us-east-1:202712151808:security-group/sg-0c127e3efd7c3dab5",
            "description": "Allow NodePort traffic",
            "egress": [
              {
                "cidr_blocks": [
                  "0.0.0.0/0"
                ],
                "description": "",
                "from_port": 0,
                "ipv6_cidr_blocks": [],
                "prefix_list_ids": [],
                "protocol": "-1",
                "security_groups": [],
                "self": false,
                "to_port": 0
              }
            ],
            "id": "sg-0c127e3efd7c3dab5",
            "ingress": [
              {
                "cidr_blocks": [
                  "0.0.0.0/0"
                ],
                "description": "Allow NodePort access for NGINX",
                "from_port": 30000,
                "ipv6_cidr_blocks": [],
                "prefix_list_ids": [],
                "protocol": "tcp",
                "security_groups": [],
                "self": false,
                "to_port": 30000
              },
              {
                "cidr_blocks": [
                  "0.0.0.0/0"
                ],
                "description": "SSH access to public",
                "from_port": 22,
                "ipv6_cidr_blocks": [],
                "prefix_list_ids": [],
                "protocol": "tcp",
                "security_groups": [],
                "self": false,
                "to_port": 22
              }
            ],
            "name": "dev-eks-node-sg",
            "name_prefix": "",
            "owner_id": "202712151808",
            "revoke_rules_on_delete": false,
            "tags": {
              "Name": "dev-eks-node-sg"
            },
            "tags_all": {
              "Name": "dev-eks-node-sg"
            },
            "timeouts": null,
            "vpc_id": "vpc-034e4829818cd3646"
          },
          "sensitive_attributes": [],
          "private": "eyJlMmJmYjczMC1lY2FhLTExZTYtOGY4OC0zNDM2M2JjN2M0YzAiOnsiY3JlYXRlIjo2MDAwMDAwMDAwMDAsImRlbGV0ZSI6OTAwMDAwMDAwMDAwfSwic2NoZW1hX3ZlcnNpb24iOiIxIn0=",
          "dependencies": [
            "aws_vpc.vpc"
          ]
        }
      ]
    },
    {
      "mode": "managed",
      "type": "aws_security_group_rule",
      "name": "allow_all_nodeports",
      "provider": "provider[\"registry.terraform.io/hashicorp/aws\"]",
      "instances": [
        {
          "schema_version": 2,
          "attributes": {
            "cidr_blocks": [
              "0.0.0.0/0"
            ],
            "description": null,
            "from_port": 30000,
            "id": "sgrule-1285937357",
            "ipv6_cidr_blocks": null,
            "prefix_list_ids": null,
            "protocol": "tcp",
            "security_group_id": "sg-0c127e3efd7c3dab5",
            "security_group_rule_id": "sgr-0799d8f136d3c4850",
            "self": false,
            "source_security_group_id": null,
            "timeouts": null,
            "to_port": 32767,
            "type": "ingress"
          },
          "sensitive_attributes": [],
          "private": "eyJlMmJmYjczMC1lY2FhLTExZTYtOGY4OC0zNDM2M2JjN2M0YzAiOnsiY3JlYXRlIjozMDAwMDAwMDAwMDB9LCJzY2hlbWFfdmVyc2lvbiI6IjIifQ==",
          "dependencies": [
            "aws_security_group.node",
            "aws_vpc.vpc"
          ]
        }
      ]
    },
    {
      "mode": "managed",
      "type": "aws_security_group_rule",
      "name": "allow_http_https",
      "provider": "provider[\"registry.terraform.io/hashicorp/aws\"]",
      "instances": [
        {
          "schema_version": 2,
          "attributes": {
            "cidr_blocks": [
              "0.0.0.0/0"
            ],
            "description": null,
            "from_port": 80,
            "id": "sgrule-860036862",
            "ipv6_cidr_blocks": null,
            "prefix_list_ids": null,
            "protocol": "tcp",
            "security_group_id": "sg-0c127e3efd7c3dab5",
            "security_group_rule_id": "sgr-025ff670c7e20d397",
            "self": false,
            "source_security_group_id": null,
            "timeouts": null,
            "to_port": 443,
            "type": "ingress"
          },
          "sensitive_attributes": [],
          "private": "eyJlMmJmYjczMC1lY2FhLTExZTYtOGY4OC0zNDM2M2JjN2M0YzAiOnsiY3JlYXRlIjozMDAwMDAwMDAwMDB9LCJzY2hlbWFfdmVyc2lvbiI6IjIifQ==",
          "dependencies": [
            "aws_security_group.node",
            "aws_vpc.vpc"
          ]
        }
      ]
    },
    {
      "mode": "managed",
      "type": "aws_subnet",
      "name": "priv_sub1",
      "provider": "provider[\"registry.terraform.io/hashicorp/aws\"]",
      "instances": [
        {
          "schema_version": 1,
          "attributes": {
            "arn": "arn:aws:ec2:us-east-1:202712151808:subnet/subnet-00541adaa15b25b97",
            "assign_ipv6_address_on_creation": false,
            "availability_zone": "us-east-1c",
            "availability_zone_id": "use1-az6",
            "cidr_block": "192.168.3.0/24",
            "customer_owned_ipv4_pool": "",
            "enable_dns64": false,
            "enable_lni_at_device_index": 0,
            "enable_resource_name_dns_a_record_on_launch": false,
            "enable_resource_name_dns_aaaa_record_on_launch": false,
            "id": "subnet-00541adaa15b25b97",
            "ipv6_cidr_block": "",
            "ipv6_cidr_block_association_id": "",
            "ipv6_native": false,
            "map_customer_owned_ip_on_launch": false,
            "map_public_ip_on_launch": false,
            "outpost_arn": "",
            "owner_id": "202712151808",
            "private_dns_hostname_type_on_launch": "ip-name",
            "tags": {
              "Name": "dev_PrivateSubnet1",
              "kubernetes.io/cluster/dev-eks": "shared"
            },
            "tags_all": {
              "Name": "dev_PrivateSubnet1",
              "kubernetes.io/cluster/dev-eks": "shared"
            },
            "timeouts": null,
            "vpc_id": "vpc-034e4829818cd3646"
          },
          "sensitive_attributes": [],
          "private": "eyJlMmJmYjczMC1lY2FhLTExZTYtOGY4OC0zNDM2M2JjN2M0YzAiOnsiY3JlYXRlIjo2MDAwMDAwMDAwMDAsImRlbGV0ZSI6MTIwMDAwMDAwMDAwMH0sInNjaGVtYV92ZXJzaW9uIjoiMSJ9",
          "dependencies": [
            "aws_vpc.vpc"
          ]
        }
      ]
    },
    {
      "mode": "managed",
      "type": "aws_subnet",
      "name": "priv_sub2",
      "provider": "provider[\"registry.terraform.io/hashicorp/aws\"]",
      "instances": [
        {
          "schema_version": 1,
          "attributes": {
            "arn": "arn:aws:ec2:us-east-1:202712151808:subnet/subnet-08ad12807a0c5a969",
            "assign_ipv6_address_on_creation": false,
            "availability_zone": "us-east-1d",
            "availability_zone_id": "use1-az1",
            "cidr_block": "192.168.4.0/24",
            "customer_owned_ipv4_pool": "",
            "enable_dns64": false,
            "enable_lni_at_device_index": 0,
            "enable_resource_name_dns_a_record_on_launch": false,
            "enable_resource_name_dns_aaaa_record_on_launch": false,
            "id": "subnet-08ad12807a0c5a969",
            "ipv6_cidr_block": "",
            "ipv6_cidr_block_association_id": "",
            "ipv6_native": false,
            "map_customer_owned_ip_on_launch": false,
            "map_public_ip_on_launch": false,
            "outpost_arn": "",
            "owner_id": "202712151808",
            "private_dns_hostname_type_on_launch": "ip-name",
            "tags": {
              "Name": "dev_PrivateSubnet2",
              "kubernetes.io/cluster/dev-eks": "shared"
            },
            "tags_all": {
              "Name": "dev_PrivateSubnet2",
              "kubernetes.io/cluster/dev-eks": "shared"
            },
            "timeouts": null,
            "vpc_id": "vpc-034e4829818cd3646"
          },
          "sensitive_attributes": [],
          "private": "eyJlMmJmYjczMC1lY2FhLTExZTYtOGY4OC0zNDM2M2JjN2M0YzAiOnsiY3JlYXRlIjo2MDAwMDAwMDAwMDAsImRlbGV0ZSI6MTIwMDAwMDAwMDAwMH0sInNjaGVtYV92ZXJzaW9uIjoiMSJ9",
          "dependencies": [
            "aws_vpc.vpc"
          ]
        }
      ]
    },
    {
      "mode": "managed",
      "type": "aws_subnet",
      "name": "pub_sub1",
      "provider": "provider[\"registry.terraform.io/hashicorp/aws\"]",
      "instances": [
        {
          "schema_version": 1,
          "attributes": {
            "arn": "arn:aws:ec2:us-east-1:202712151808:subnet/subnet-05bb9c5953b444440",
            "assign_ipv6_address_on_creation": false,
            "availability_zone": "us-east-1a",
            "availability_zone_id": "use1-az2",
            "cidr_block": "192.168.1.0/24",
            "customer_owned_ipv4_pool": "",
            "enable_dns64": false,
            "enable_lni_at_device_index": 0,
            "enable_resource_name_dns_a_record_on_launch": false,
            "enable_resource_name_dns_aaaa_record_on_launch": false,
            "id": "subnet-05bb9c5953b444440",
            "ipv6_cidr_block": "",
            "ipv6_cidr_block_association_id": "",
            "ipv6_native": false,
            "map_customer_owned_ip_on_launch": false,
            "map_public_ip_on_launch": true,
            "outpost_arn": "",
            "owner_id": "202712151808",
            "private_dns_hostname_type_on_launch": "ip-name",
            "tags": {
              "Name": "dev_PublicSubnet1",
              "kubernetes.io/cluster/dev-eks": "shared"
            },
            "tags_all": {
              "Name": "dev_PublicSubnet1",
              "kubernetes.io/cluster/dev-eks": "shared"
            },
            "timeouts": null,
            "vpc_id": "vpc-034e4829818cd3646"
          },
          "sensitive_attributes": [],
          "private": "eyJlMmJmYjczMC1lY2FhLTExZTYtOGY4OC0zNDM2M2JjN2M0YzAiOnsiY3JlYXRlIjo2MDAwMDAwMDAwMDAsImRlbGV0ZSI6MTIwMDAwMDAwMDAwMH0sInNjaGVtYV92ZXJzaW9uIjoiMSJ9",
          "dependencies": [
            "aws_vpc.vpc"
          ]
        }
      ]
    },
    {
      "mode": "managed",
      "type": "aws_subnet",
      "name": "pub_sub2",
      "provider": "provider[\"registry.terraform.io/hashicorp/aws\"]",
      "instances": [
        {
          "schema_version": 1,
          "attributes": {
            "arn": "arn:aws:ec2:us-east-1:202712151808:subnet/subnet-0f1e2081eb1b9dff8",
            "assign_ipv6_address_on_creation": false,
            "availability_zone": "us-east-1b",
            "availability_zone_id": "use1-az4",
            "cidr_block": "192.168.2.0/24",
            "customer_owned_ipv4_pool": "",
            "enable_dns64": false,
            "enable_lni_at_device_index": 0,
            "enable_resource_name_dns_a_record_on_launch": false,
            "enable_resource_name_dns_aaaa_record_on_launch": false,
            "id": "subnet-0f1e2081eb1b9dff8",
            "ipv6_cidr_block": "",
            "ipv6_cidr_block_association_id": "",
            "ipv6_native": false,
            "map_customer_owned_ip_on_launch": false,
            "map_public_ip_on_launch": true,
            "outpost_arn": "",
            "owner_id": "202712151808",
            "private_dns_hostname_type_on_launch": "ip-name",
            "tags": {
              "Name": "dev_PublicSubnet2",
              "kubernetes.io/cluster/dev-eks": "shared"
            },
            "tags_all": {
              "Name": "dev_PublicSubnet2",
              "kubernetes.io/cluster/dev-eks": "shared"
            },
            "timeouts": null,
            "vpc_id": "vpc-034e4829818cd3646"
          },
          "sensitive_attributes": [],
          "private": "eyJlMmJmYjczMC1lY2FhLTExZTYtOGY4OC0zNDM2M2JjN2M0YzAiOnsiY3JlYXRlIjo2MDAwMDAwMDAwMDAsImRlbGV0ZSI6MTIwMDAwMDAwMDAwMH0sInNjaGVtYV92ZXJzaW9uIjoiMSJ9",
          "dependencies": [
            "aws_vpc.vpc"
          ]
        }
      ]
    },
    {
      "mode": "managed",
      "type": "aws_vpc",
      "name": "vpc",
      "provider": "provider[\"registry.terraform.io/hashicorp/aws\"]",
      "instances": [
        {
          "schema_version": 1,
          "attributes": {
            "arn": "arn:aws:ec2:us-east-1:202712151808:vpc/vpc-034e4829818cd3646",
            "assign_generated_ipv6_cidr_block": false,
            "cidr_block": "192.168.0.0/16",
            "default_network_acl_id": "acl-08b559f93a18ed5c8",
            "default_route_table_id": "rtb-0b599df42553da2ed",
            "default_security_group_id": "sg-08b5e674aad6b53d5",
            "dhcp_options_id": "dopt-02175085fb8daa0a9",
            "enable_dns_hostnames": false,
            "enable_dns_support": true,
            "enable_network_address_usage_metrics": false,
            "id": "vpc-034e4829818cd3646",
            "instance_tenancy": "default",
            "ipv4_ipam_pool_id": null,
            "ipv4_netmask_length": null,
            "ipv6_association_id": "",
            "ipv6_cidr_block": "",
            "ipv6_cidr_block_network_border_group": "",
            "ipv6_ipam_pool_id": "",
            "ipv6_netmask_length": 0,
            "main_route_table_id": "rtb-0b599df42553da2ed",
            "owner_id": "202712151808",
            "tags": {
              "Name": "dev_VPC"
            },
            "tags_all": {
              "Name": "dev_VPC"
            }
          },
          "sensitive_attributes": [],
          "private": "eyJzY2hlbWFfdmVyc2lvbiI6IjEifQ==",
          "create_before_destroy": true
        }
      ]
    },
    {
      "mode": "managed",
      "type": "helm_release",
      "name": "aws_load_balancer_controller",
      "provider": "provider[\"registry.terraform.io/hashicorp/helm\"]",
      "instances": [
        {
          "schema_version": 1,
          "attributes": {
            "atomic": false,
            "chart": "aws-load-balancer-controller",
            "cleanup_on_fail": false,
            "create_namespace": false,
            "dependency_update": false,
            "description": null,
            "devel": null,
            "disable_crd_hooks": false,
            "disable_openapi_validation": false,
            "disable_webhooks": false,
            "force_update": false,
            "id": "aws-load-balancer-controller",
            "keyring": null,
            "lint": false,
            "manifest": null,
            "max_history": 0,
            "metadata": [
              {
                "app_version": "v2.13.2",
                "chart": "aws-load-balancer-controller",
                "first_deployed": 1748236199,
                "last_deployed": 1748236199,
                "name": "aws-load-balancer-controller",
                "namespace": "kube-system",
                "notes": "AWS Load Balancer controller installed!\n",
                "revision": 1,
                "values": "{\"clusterName\":\"dev-eks\",\"region\":\"us-east-1\",\"serviceAccount\":{\"create\":false,\"name\":\"aws-load-balancer-controller\"},\"vpcId\":\"vpc-034e4829818cd3646\"}",
                "version": "1.13.2"
              }
            ],
            "name": "aws-load-balancer-controller",
            "namespace": "kube-system",
            "pass_credentials": false,
            "postrender": [],
            "recreate_pods": false,
            "render_subchart_notes": true,
            "replace": false,
            "repository": "https://aws.github.io/eks-charts",
            "repository_ca_file": null,
            "repository_cert_file": null,
            "repository_key_file": null,
            "repository_password": null,
            "repository_username": null,
            "reset_values": false,
            "reuse_values": false,
            "set": [
              {
                "name": "clusterName",
                "type": "",
                "value": "dev-eks"
              },
              {
                "name": "region",
                "type": "",
                "value": "us-east-1"
              },
              {
                "name": "serviceAccount.create",
                "type": "",
                "value": "false"
              },
              {
                "name": "serviceAccount.name",
                "type": "",
                "value": "aws-load-balancer-controller"
              },
              {
                "name": "vpcId",
                "type": "",
                "value": "vpc-034e4829818cd3646"
              }
            ],
            "set_list": [],
            "set_sensitive": [],
            "skip_crds": false,
            "status": "deployed",
            "timeout": 300,
            "upgrade_install": null,
            "values": null,
            "verify": false,
            "version": "1.13.2",
            "wait": true,
            "wait_for_jobs": false
          },
          "sensitive_attributes": [],
          "private": "eyJzY2hlbWFfdmVyc2lvbiI6IjEifQ==",
          "dependencies": [
            "aws_eks_cluster.eks",
            "aws_iam_role.master",
            "aws_iam_role_policy_attachment.AmazonEKSClusterPolicy",
            "aws_iam_role_policy_attachment.AmazonEKSServicePolicy",
            "aws_iam_role_policy_attachment.AmazonEKSVPCResourceController",
            "aws_subnet.pub_sub1",
            "aws_subnet.pub_sub2",
            "aws_vpc.vpc",
            "data.aws_iam_openid_connect_provider.oidc",
            "kubernetes_service_account.lb_controller_sa",
            "module.alb_ingress_irsa.aws_iam_role.this",
            "module.alb_ingress_irsa.data.aws_caller_identity.current",
            "module.alb_ingress_irsa.data.aws_iam_policy_document.this",
            "module.alb_ingress_irsa.data.aws_partition.current",
            "null_resource.download_policy"
          ]
        }
      ]
    },
    {
      "mode": "managed",
      "type": "helm_release",
      "name": "efs_csi_driver",
      "provider": "provider[\"registry.terraform.io/hashicorp/helm\"]",
      "instances": [
        {
          "schema_version": 1,
          "attributes": {
            "atomic": false,
            "chart": "aws-efs-csi-driver",
            "cleanup_on_fail": false,
            "create_namespace": false,
            "dependency_update": false,
            "description": null,
            "devel": null,
            "disable_crd_hooks": false,
            "disable_openapi_validation": false,
            "disable_webhooks": false,
            "force_update": true,
            "id": "aws-efs-csi-driver",
            "keyring": null,
            "lint": false,
            "manifest": null,
            "max_history": 0,
            "metadata": [
              {
                "app_version": "1.7.0",
                "chart": "aws-efs-csi-driver",
                "first_deployed": 1748231600,
                "last_deployed": 1748231600,
                "name": "aws-efs-csi-driver",
                "namespace": "kube-system",
                "notes": "To verify that aws-efs-csi-driver has started, run:\n\n    kubectl get pod -n kube-system -l \"app.kubernetes.io/name=aws-efs-csi-driver,app.kubernetes.io/instance=aws-efs-csi-driver\"\n",
                "revision": 1,
                "values": "{\"controller\":{\"serviceAccount\":{\"annotations\":{\"eks.amazonaws.com/role-arn\":\"arn:aws:iam::202712151808:role/efs_csi\"}}}}",
                "version": "2.5.0"
              }
            ],
            "name": "aws-efs-csi-driver",
            "namespace": "kube-system",
            "pass_credentials": false,
            "postrender": [],
            "recreate_pods": false,
            "render_subchart_notes": true,
            "replace": false,
            "repository": "https://kubernetes-sigs.github.io/aws-efs-csi-driver",
            "repository_ca_file": null,
            "repository_cert_file": null,
            "repository_key_file": null,
            "repository_password": null,
            "repository_username": null,
            "reset_values": false,
            "reuse_values": false,
            "set": [
              {
                "name": "controller.serviceAccount.annotations.eks\\.amazonaws\\.com/role-arn",
                "type": "string",
                "value": "arn:aws:iam::202712151808:role/efs_csi"
              }
            ],
            "set_list": [],
            "set_sensitive": [],
            "skip_crds": false,
            "status": "deployed",
            "timeout": 300,
            "upgrade_install": null,
            "values": null,
            "verify": false,
            "version": "2.5.0",
            "wait": true,
            "wait_for_jobs": false
          },
          "sensitive_attributes": [],
          "private": "eyJzY2hlbWFfdmVyc2lvbiI6IjEifQ==",
          "dependencies": [
            "data.aws_iam_openid_connect_provider.oidc",
            "module.efs_csi_eks_role.aws_iam_policy.amazon_managed_service_prometheus",
            "module.efs_csi_eks_role.aws_iam_policy.appmesh_controller",
            "module.efs_csi_eks_role.aws_iam_policy.appmesh_envoy_proxy",
            "module.efs_csi_eks_role.aws_iam_policy.aws_gateway_controller",
            "module.efs_csi_eks_role.aws_iam_policy.cert_manager",
            "module.efs_csi_eks_role.aws_iam_policy.cluster_autoscaler",
            "module.efs_csi_eks_role.aws_iam_policy.ebs_csi",
            "module.efs_csi_eks_role.aws_iam_policy.efs_csi",
            "module.efs_csi_eks_role.aws_iam_policy.external_dns",
            "module.efs_csi_eks_role.aws_iam_policy.external_secrets",
            "module.efs_csi_eks_role.aws_iam_policy.fsx_lustre_csi",
            "module.efs_csi_eks_role.aws_iam_policy.karpenter_controller",
            "module.efs_csi_eks_role.aws_iam_policy.load_balancer_controller",
            "module.efs_csi_eks_role.aws_iam_policy.load_balancer_controller_targetgroup_only",
            "module.efs_csi_eks_role.aws_iam_policy.mountpoint_s3_csi",
            "module.efs_csi_eks_role.aws_iam_policy.node_termination_handler",
            "module.efs_csi_eks_role.aws_iam_policy.velero",
            "module.efs_csi_eks_role.aws_iam_policy.vpc_cni",
            "module.efs_csi_eks_role.aws_iam_role.this",
            "module.efs_csi_eks_role.aws_iam_role_policy_attachment.amazon_cloudwatch_observability",
            "module.efs_csi_eks_role.aws_iam_role_policy_attachment.amazon_managed_service_prometheus",
            "module.efs_csi_eks_role.aws_iam_role_policy_attachment.appmesh_controller",
            "module.efs_csi_eks_role.aws_iam_role_policy_attachment.appmesh_envoy_proxy",
            "module.efs_csi_eks_role.aws_iam_role_policy_attachment.aws_gateway_controller",
            "module.efs_csi_eks_role.aws_iam_role_policy_attachment.cert_manager",
            "module.efs_csi_eks_role.aws_iam_role_policy_attachment.cluster_autoscaler",
            "module.efs_csi_eks_role.aws_iam_role_policy_attachment.ebs_csi",
            "module.efs_csi_eks_role.aws_iam_role_policy_attachment.efs_csi",
            "module.efs_csi_eks_role.aws_iam_role_policy_attachment.external_dns",
            "module.efs_csi_eks_role.aws_iam_role_policy_attachment.external_secrets",
            "module.efs_csi_eks_role.aws_iam_role_policy_attachment.fsx_lustre_csi",
            "module.efs_csi_eks_role.aws_iam_role_policy_attachment.karpenter_controller",
            "module.efs_csi_eks_role.aws_iam_role_policy_attachment.load_balancer_controller",
            "module.efs_csi_eks_role.aws_iam_role_policy_attachment.load_balancer_controller_targetgroup_only",
            "module.efs_csi_eks_role.aws_iam_role_policy_attachment.mountpoint_s3_csi",
            "module.efs_csi_eks_role.aws_iam_role_policy_attachment.node_termination_handler",
            "module.efs_csi_eks_role.aws_iam_role_policy_attachment.this",
            "module.efs_csi_eks_role.aws_iam_role_policy_attachment.velero",
            "module.efs_csi_eks_role.aws_iam_role_policy_attachment.vpc_cni",
            "module.efs_csi_eks_role.data.aws_caller_identity.current",
            "module.efs_csi_eks_role.data.aws_iam_policy_document.amazon_managed_service_prometheus",
            "module.efs_csi_eks_role.data.aws_iam_policy_document.appmesh_controller",
            "module.efs_csi_eks_role.data.aws_iam_policy_document.appmesh_envoy_proxy",
            "module.efs_csi_eks_role.data.aws_iam_policy_document.aws_gateway_controller",
            "module.efs_csi_eks_role.data.aws_iam_policy_document.cert_manager",
            "module.efs_csi_eks_role.data.aws_iam_policy_document.cluster_autoscaler",
            "module.efs_csi_eks_role.data.aws_iam_policy_document.ebs_csi",
            "module.efs_csi_eks_role.data.aws_iam_policy_document.efs_csi",
            "module.efs_csi_eks_role.data.aws_iam_policy_document.external_dns",
            "module.efs_csi_eks_role.data.aws_iam_policy_document.external_secrets",
            "module.efs_csi_eks_role.data.aws_iam_policy_document.fsx_lustre_csi",
            "module.efs_csi_eks_role.data.aws_iam_policy_document.karpenter_controller",
            "module.efs_csi_eks_role.data.aws_iam_policy_document.load_balancer_controller",
            "module.efs_csi_eks_role.data.aws_iam_policy_document.load_balancer_controller_targetgroup_only",
            "module.efs_csi_eks_role.data.aws_iam_policy_document.mountpoint_s3_csi",
            "module.efs_csi_eks_role.data.aws_iam_policy_document.node_termination_handler",
            "module.efs_csi_eks_role.data.aws_iam_policy_document.this",
            "module.efs_csi_eks_role.data.aws_iam_policy_document.velero",
            "module.efs_csi_eks_role.data.aws_iam_policy_document.vpc_cni",
            "module.efs_csi_eks_role.data.aws_partition.current",
            "module.efs_csi_eks_role.data.aws_region.current"
          ]
        }
      ]
    },
    {
      "mode": "managed",
      "type": "helm_release",
      "name": "splunk_operator",
      "provider": "provider[\"registry.terraform.io/hashicorp/helm\"]",
      "instances": [
        {
          "schema_version": 1,
          "attributes": {
            "atomic": false,
            "chart": "splunk-operator",
            "cleanup_on_fail": false,
            "create_namespace": true,
            "dependency_update": false,
            "description": null,
            "devel": null,
            "disable_crd_hooks": false,
            "disable_openapi_validation": false,
            "disable_webhooks": false,
            "force_update": false,
            "id": "splunk-operator",
            "keyring": null,
            "lint": false,
            "manifest": null,
            "max_history": 0,
            "metadata": [
              {
                "app_version": "2.8.0",
                "chart": "splunk-operator",
                "first_deployed": 1748291819,
                "last_deployed": 1748291819,
                "name": "splunk-operator",
                "namespace": "splunk",
                "notes": "",
                "revision": 1,
                "values": "{}",
                "version": "2.8.0"
              }
            ],
            "name": "splunk-operator",
            "namespace": "splunk",
            "pass_credentials": false,
            "postrender": [],
            "recreate_pods": false,
            "render_subchart_notes": true,
            "replace": false,
            "repository": "https://splunk.github.io/splunk-operator",
            "repository_ca_file": null,
            "repository_cert_file": null,
            "repository_key_file": null,
            "repository_password": null,
            "repository_username": null,
            "reset_values": false,
            "reuse_values": false,
            "set": [],
            "set_list": [],
            "set_sensitive": [],
            "skip_crds": false,
            "status": "deployed",
            "timeout": 300,
            "upgrade_install": null,
            "values": [],
            "verify": false,
            "version": "2.8.0",
            "wait": true,
            "wait_for_jobs": false
          },
          "sensitive_attributes": [],
          "private": "eyJzY2hlbWFfdmVyc2lvbiI6IjEifQ=="
        }
      ]
    },
    {
      "mode": "managed",
      "type": "kubernetes_service_account",
      "name": "lb_controller_sa",
      "provider": "provider[\"registry.terraform.io/hashicorp/kubernetes\"]",
      "instances": [
        {
          "schema_version": 0,
          "attributes": {
            "automount_service_account_token": true,
            "default_secret_name": "",
            "id": "kube-system/aws-load-balancer-controller",
            "image_pull_secret": [],
            "metadata": [
              {
                "annotations": {
                  "eks.amazonaws.com/role-arn": "arn:aws:iam::202712151808:role/alb-ingress-controller-irsa"
                },
                "generate_name": "",
                "generation": 0,
                "labels": {},
                "name": "aws-load-balancer-controller",
                "namespace": "kube-system",
                "resource_version": "26338",
                "uid": "dc7dcd99-c6a1-4dd1-93d7-8bb8dbe98af5"
              }
            ],
            "secret": [],
            "timeouts": null
          },
          "sensitive_attributes": [],
          "private": "eyJlMmJmYjczMC1lY2FhLTExZTYtOGY4OC0zNDM2M2JjN2M0YzAiOnsiY3JlYXRlIjozMDAwMDAwMDAwMH19",
          "dependencies": [
            "aws_eks_cluster.eks",
            "aws_iam_role.master",
            "aws_iam_role_policy_attachment.AmazonEKSClusterPolicy",
            "aws_iam_role_policy_attachment.AmazonEKSServicePolicy",
            "aws_iam_role_policy_attachment.AmazonEKSVPCResourceController",
            "aws_subnet.pub_sub1",
            "aws_subnet.pub_sub2",
            "aws_vpc.vpc",
            "data.aws_iam_openid_connect_provider.oidc",
            "module.alb_ingress_irsa.aws_iam_role.this",
            "module.alb_ingress_irsa.data.aws_caller_identity.current",
            "module.alb_ingress_irsa.data.aws_iam_policy_document.this",
            "module.alb_ingress_irsa.data.aws_partition.current",
            "null_resource.download_policy"
          ]
        }
      ]
    },
    {
      "mode": "managed",
      "type": "kubernetes_storage_class_v1",
      "name": "storageclass_efs",
      "provider": "provider[\"registry.terraform.io/hashicorp/kubernetes\"]",
      "instances": [
        {
          "schema_version": 0,
          "attributes": {
            "allow_volume_expansion": true,
            "allowed_topologies": [],
            "id": "efs-sc",
            "metadata": [
              {
                "annotations": {
                  "storageclass.kubernetes.io/is-default-class": "false"
                },
                "generate_name": "",
                "generation": 0,
                "labels": {},
                "name": "efs-sc",
                "resource_version": "35192",
                "uid": "31dc5ece-a835-4780-a0cf-9683c7a4ad62"
              }
            ],
            "mount_options": [],
            "parameters": {
              "directoryPerms": "750",
              "fileSystemId": "fs-008aa0937401526e0",
              "gid": "1000",
              "provisioningMode": "efs-ap",
              "uid": "1000"
            },
            "reclaim_policy": "Delete",
            "storage_provisioner": "efs.csi.aws.com",
            "volume_binding_mode": "Immediate"
          },
          "sensitive_attributes": [],
          "private": "bnVsbA==",
          "dependencies": [
            "aws_vpc.vpc",
            "data.aws_iam_openid_connect_provider.oidc",
            "data.aws_subnet.efs_subnets",
            "helm_release.efs_csi_driver",
            "module.efs.aws_efs_access_point.this",
            "module.efs.aws_efs_backup_policy.this",
            "module.efs.aws_efs_file_system.this",
            "module.efs.aws_efs_file_system_policy.this",
            "module.efs.aws_efs_mount_target.this",
            "module.efs.aws_efs_replication_configuration.this",
            "module.efs.aws_security_group.this",
            "module.efs.aws_security_group_rule.this",
            "module.efs.data.aws_iam_policy_document.policy",
            "module.efs_csi_eks_role.aws_iam_policy.amazon_managed_service_prometheus",
            "module.efs_csi_eks_role.aws_iam_policy.appmesh_controller",
            "module.efs_csi_eks_role.aws_iam_policy.appmesh_envoy_proxy",
            "module.efs_csi_eks_role.aws_iam_policy.aws_gateway_controller",
            "module.efs_csi_eks_role.aws_iam_policy.cert_manager",
            "module.efs_csi_eks_role.aws_iam_policy.cluster_autoscaler",
            "module.efs_csi_eks_role.aws_iam_policy.ebs_csi",
            "module.efs_csi_eks_role.aws_iam_policy.efs_csi",
            "module.efs_csi_eks_role.aws_iam_policy.external_dns",
            "module.efs_csi_eks_role.aws_iam_policy.external_secrets",
            "module.efs_csi_eks_role.aws_iam_policy.fsx_lustre_csi",
            "module.efs_csi_eks_role.aws_iam_policy.karpenter_controller",
            "module.efs_csi_eks_role.aws_iam_policy.load_balancer_controller",
            "module.efs_csi_eks_role.aws_iam_policy.load_balancer_controller_targetgroup_only",
            "module.efs_csi_eks_role.aws_iam_policy.mountpoint_s3_csi",
            "module.efs_csi_eks_role.aws_iam_policy.node_termination_handler",
            "module.efs_csi_eks_role.aws_iam_policy.velero",
            "module.efs_csi_eks_role.aws_iam_policy.vpc_cni",
            "module.efs_csi_eks_role.aws_iam_role.this",
            "module.efs_csi_eks_role.aws_iam_role_policy_attachment.amazon_cloudwatch_observability",
            "module.efs_csi_eks_role.aws_iam_role_policy_attachment.amazon_managed_service_prometheus",
            "module.efs_csi_eks_role.aws_iam_role_policy_attachment.appmesh_controller",
            "module.efs_csi_eks_role.aws_iam_role_policy_attachment.appmesh_envoy_proxy",
            "module.efs_csi_eks_role.aws_iam_role_policy_attachment.aws_gateway_controller",
            "module.efs_csi_eks_role.aws_iam_role_policy_attachment.cert_manager",
            "module.efs_csi_eks_role.aws_iam_role_policy_attachment.cluster_autoscaler",
            "module.efs_csi_eks_role.aws_iam_role_policy_attachment.ebs_csi",
            "module.efs_csi_eks_role.aws_iam_role_policy_attachment.efs_csi",
            "module.efs_csi_eks_role.aws_iam_role_policy_attachment.external_dns",
            "module.efs_csi_eks_role.aws_iam_role_policy_attachment.external_secrets",
            "module.efs_csi_eks_role.aws_iam_role_policy_attachment.fsx_lustre_csi",
            "module.efs_csi_eks_role.aws_iam_role_policy_attachment.karpenter_controller",
            "module.efs_csi_eks_role.aws_iam_role_policy_attachment.load_balancer_controller",
            "module.efs_csi_eks_role.aws_iam_role_policy_attachment.load_balancer_controller_targetgroup_only",
            "module.efs_csi_eks_role.aws_iam_role_policy_attachment.mountpoint_s3_csi",
            "module.efs_csi_eks_role.aws_iam_role_policy_attachment.node_termination_handler",
            "module.efs_csi_eks_role.aws_iam_role_policy_attachment.this",
            "module.efs_csi_eks_role.aws_iam_role_policy_attachment.velero",
            "module.efs_csi_eks_role.aws_iam_role_policy_attachment.vpc_cni",
            "module.efs_csi_eks_role.data.aws_caller_identity.current",
            "module.efs_csi_eks_role.data.aws_iam_policy_document.amazon_managed_service_prometheus",
            "module.efs_csi_eks_role.data.aws_iam_policy_document.appmesh_controller",
            "module.efs_csi_eks_role.data.aws_iam_policy_document.appmesh_envoy_proxy",
            "module.efs_csi_eks_role.data.aws_iam_policy_document.aws_gateway_controller",
            "module.efs_csi_eks_role.data.aws_iam_policy_document.cert_manager",
            "module.efs_csi_eks_role.data.aws_iam_policy_document.cluster_autoscaler",
            "module.efs_csi_eks_role.data.aws_iam_policy_document.ebs_csi",
            "module.efs_csi_eks_role.data.aws_iam_policy_document.efs_csi",
            "module.efs_csi_eks_role.data.aws_iam_policy_document.external_dns",
            "module.efs_csi_eks_role.data.aws_iam_policy_document.external_secrets",
            "module.efs_csi_eks_role.data.aws_iam_policy_document.fsx_lustre_csi",
            "module.efs_csi_eks_role.data.aws_iam_policy_document.karpenter_controller",
            "module.efs_csi_eks_role.data.aws_iam_policy_document.load_balancer_controller",
            "module.efs_csi_eks_role.data.aws_iam_policy_document.load_balancer_controller_targetgroup_only",
            "module.efs_csi_eks_role.data.aws_iam_policy_document.mountpoint_s3_csi",
            "module.efs_csi_eks_role.data.aws_iam_policy_document.node_termination_handler",
            "module.efs_csi_eks_role.data.aws_iam_policy_document.this",
            "module.efs_csi_eks_role.data.aws_iam_policy_document.velero",
            "module.efs_csi_eks_role.data.aws_iam_policy_document.vpc_cni",
            "module.efs_csi_eks_role.data.aws_partition.current",
            "module.efs_csi_eks_role.data.aws_region.current"
          ]
        }
      ]
    },
    {
      "mode": "managed",
      "type": "kubernetes_storage_class_v1",
      "name": "storageclass_gp2",
      "provider": "provider[\"registry.terraform.io/hashicorp/kubernetes\"]",
      "instances": [
        {
          "schema_version": 0,
          "attributes": {
            "allow_volume_expansion": true,
            "allowed_topologies": [],
            "id": "gp2-encrypted",
            "metadata": [
              {
                "annotations": {
                  "storageclass.kubernetes.io/is-default-class": "true"
                },
                "generate_name": "",
                "generation": 0,
                "labels": {},
                "name": "gp2-encrypted",
                "resource_version": "7134",
                "uid": "ee33853d-980e-42f8-8473-836d47f01f52"
              }
            ],
            "mount_options": [],
            "parameters": {
              "encrypted": "true",
              "type": "gp2"
            },
            "reclaim_policy": "Delete",
            "storage_provisioner": "ebs.csi.aws.com",
            "volume_binding_mode": "Immediate"
          },
          "sensitive_attributes": [],
          "private": "bnVsbA==",
          "dependencies": [
            "data.aws_iam_openid_connect_provider.oidc",
            "module.ebs_csi_eks_role.aws_iam_policy.amazon_managed_service_prometheus",
            "module.ebs_csi_eks_role.aws_iam_policy.appmesh_controller",
            "module.ebs_csi_eks_role.aws_iam_policy.appmesh_envoy_proxy",
            "module.ebs_csi_eks_role.aws_iam_policy.aws_gateway_controller",
            "module.ebs_csi_eks_role.aws_iam_policy.cert_manager",
            "module.ebs_csi_eks_role.aws_iam_policy.cluster_autoscaler",
            "module.ebs_csi_eks_role.aws_iam_policy.ebs_csi",
            "module.ebs_csi_eks_role.aws_iam_policy.efs_csi",
            "module.ebs_csi_eks_role.aws_iam_policy.external_dns",
            "module.ebs_csi_eks_role.aws_iam_policy.external_secrets",
            "module.ebs_csi_eks_role.aws_iam_policy.fsx_lustre_csi",
            "module.ebs_csi_eks_role.aws_iam_policy.karpenter_controller",
            "module.ebs_csi_eks_role.aws_iam_policy.load_balancer_controller",
            "module.ebs_csi_eks_role.aws_iam_policy.load_balancer_controller_targetgroup_only",
            "module.ebs_csi_eks_role.aws_iam_policy.mountpoint_s3_csi",
            "module.ebs_csi_eks_role.aws_iam_policy.node_termination_handler",
            "module.ebs_csi_eks_role.aws_iam_policy.velero",
            "module.ebs_csi_eks_role.aws_iam_policy.vpc_cni",
            "module.ebs_csi_eks_role.aws_iam_role.this",
            "module.ebs_csi_eks_role.aws_iam_role_policy_attachment.amazon_cloudwatch_observability",
            "module.ebs_csi_eks_role.aws_iam_role_policy_attachment.amazon_managed_service_prometheus",
            "module.ebs_csi_eks_role.aws_iam_role_policy_attachment.appmesh_controller",
            "module.ebs_csi_eks_role.aws_iam_role_policy_attachment.appmesh_envoy_proxy",
            "module.ebs_csi_eks_role.aws_iam_role_policy_attachment.aws_gateway_controller",
            "module.ebs_csi_eks_role.aws_iam_role_policy_attachment.cert_manager",
            "module.ebs_csi_eks_role.aws_iam_role_policy_attachment.cluster_autoscaler",
            "module.ebs_csi_eks_role.aws_iam_role_policy_attachment.ebs_csi",
            "module.ebs_csi_eks_role.aws_iam_role_policy_attachment.efs_csi",
            "module.ebs_csi_eks_role.aws_iam_role_policy_attachment.external_dns",
            "module.ebs_csi_eks_role.aws_iam_role_policy_attachment.external_secrets",
            "module.ebs_csi_eks_role.aws_iam_role_policy_attachment.fsx_lustre_csi",
            "module.ebs_csi_eks_role.aws_iam_role_policy_attachment.karpenter_controller",
            "module.ebs_csi_eks_role.aws_iam_role_policy_attachment.load_balancer_controller",
            "module.ebs_csi_eks_role.aws_iam_role_policy_attachment.load_balancer_controller_targetgroup_only",
            "module.ebs_csi_eks_role.aws_iam_role_policy_attachment.mountpoint_s3_csi",
            "module.ebs_csi_eks_role.aws_iam_role_policy_attachment.node_termination_handler",
            "module.ebs_csi_eks_role.aws_iam_role_policy_attachment.this",
            "module.ebs_csi_eks_role.aws_iam_role_policy_attachment.velero",
            "module.ebs_csi_eks_role.aws_iam_role_policy_attachment.vpc_cni",
            "module.ebs_csi_eks_role.data.aws_caller_identity.current",
            "module.ebs_csi_eks_role.data.aws_iam_policy_document.amazon_managed_service_prometheus",
            "module.ebs_csi_eks_role.data.aws_iam_policy_document.appmesh_controller",
            "module.ebs_csi_eks_role.data.aws_iam_policy_document.appmesh_envoy_proxy",
            "module.ebs_csi_eks_role.data.aws_iam_policy_document.aws_gateway_controller",
            "module.ebs_csi_eks_role.data.aws_iam_policy_document.cert_manager",
            "module.ebs_csi_eks_role.data.aws_iam_policy_document.cluster_autoscaler",
            "module.ebs_csi_eks_role.data.aws_iam_policy_document.ebs_csi",
            "module.ebs_csi_eks_role.data.aws_iam_policy_document.efs_csi",
            "module.ebs_csi_eks_role.data.aws_iam_policy_document.external_dns",
            "module.ebs_csi_eks_role.data.aws_iam_policy_document.external_secrets",
            "module.ebs_csi_eks_role.data.aws_iam_policy_document.fsx_lustre_csi",
            "module.ebs_csi_eks_role.data.aws_iam_policy_document.karpenter_controller",
            "module.ebs_csi_eks_role.data.aws_iam_policy_document.load_balancer_controller",
            "module.ebs_csi_eks_role.data.aws_iam_policy_document.load_balancer_controller_targetgroup_only",
            "module.ebs_csi_eks_role.data.aws_iam_policy_document.mountpoint_s3_csi",
            "module.ebs_csi_eks_role.data.aws_iam_policy_document.node_termination_handler",
            "module.ebs_csi_eks_role.data.aws_iam_policy_document.this",
            "module.ebs_csi_eks_role.data.aws_iam_policy_document.velero",
            "module.ebs_csi_eks_role.data.aws_iam_policy_document.vpc_cni",
            "module.ebs_csi_eks_role.data.aws_partition.current",
            "module.ebs_csi_eks_role.data.aws_region.current"
          ]
        }
      ]
    },
    {
      "mode": "managed",
      "type": "null_resource",
      "name": "download_policy",
      "provider": "provider[\"registry.terraform.io/hashicorp/null\"]",
      "instances": [
        {
          "schema_version": 0,
          "attributes": {
            "id": "1981764677950269938",
            "triggers": {
              "always_run": "2025-05-27T19:32:38Z"
            }
          },
          "sensitive_attributes": []
        }
      ]
    },
    {
      "module": "module.alb_ingress_irsa",
      "mode": "data",
      "type": "aws_caller_identity",
      "name": "current",
      "provider": "provider[\"registry.terraform.io/hashicorp/aws\"]",
      "instances": [
        {
          "schema_version": 0,
          "attributes": {
            "account_id": "202712151808",
            "arn": "arn:aws:iam::202712151808:user/Admin",
            "id": "202712151808",
            "user_id": "AIDAS6MUV64APUYHWQLBY"
          },
          "sensitive_attributes": []
        }
      ]
    },
    {
      "module": "module.alb_ingress_irsa",
      "mode": "data",
      "type": "aws_iam_policy_document",
      "name": "this",
      "provider": "provider[\"registry.terraform.io/hashicorp/aws\"]",
      "instances": [
        {
          "index_key": 0,
          "schema_version": 0,
          "attributes": {
            "id": "977764433",
            "json": "{\n  \"Version\": \"2012-10-17\",\n  \"Statement\": [\n    {\n      \"Effect\": \"Allow\",\n      \"Action\": \"sts:AssumeRoleWithWebIdentity\",\n      \"Principal\": {\n        \"Federated\": \"arn:aws:iam::202712151808:oidc-provider/oidc.eks.us-east-1.amazonaws.com/id/68776981834745DF4DFE7557B2314377\"\n      },\n      \"Condition\": {\n        \"StringEquals\": {\n          \"oidc.eks.us-east-1.amazonaws.com/id/68776981834745DF4DFE7557B2314377:aud\": \"sts.amazonaws.com\",\n          \"oidc.eks.us-east-1.amazonaws.com/id/68776981834745DF4DFE7557B2314377:sub\": \"system:serviceaccount:kube-system:aws-load-balancer-controller\"\n        }\n      }\n    }\n  ]\n}",
            "minified_json": "{\"Version\":\"2012-10-17\",\"Statement\":[{\"Effect\":\"Allow\",\"Action\":\"sts:AssumeRoleWithWebIdentity\",\"Principal\":{\"Federated\":\"arn:aws:iam::202712151808:oidc-provider/oidc.eks.us-east-1.amazonaws.com/id/68776981834745DF4DFE7557B2314377\"},\"Condition\":{\"StringEquals\":{\"oidc.eks.us-east-1.amazonaws.com/id/68776981834745DF4DFE7557B2314377:aud\":\"sts.amazonaws.com\",\"oidc.eks.us-east-1.amazonaws.com/id/68776981834745DF4DFE7557B2314377:sub\":\"system:serviceaccount:kube-system:aws-load-balancer-controller\"}}}]}",
            "override_json": null,
            "override_policy_documents": null,
            "policy_id": null,
            "source_json": null,
            "source_policy_documents": null,
            "statement": [
              {
                "actions": [
                  "sts:AssumeRoleWithWebIdentity"
                ],
                "condition": [
                  {
                    "test": "StringEquals",
                    "values": [
                      "sts.amazonaws.com"
                    ],
                    "variable": "oidc.eks.us-east-1.amazonaws.com/id/68776981834745DF4DFE7557B2314377:aud"
                  },
                  {
                    "test": "StringEquals",
                    "values": [
                      "system:serviceaccount:kube-system:aws-load-balancer-controller"
                    ],
                    "variable": "oidc.eks.us-east-1.amazonaws.com/id/68776981834745DF4DFE7557B2314377:sub"
                  }
                ],
                "effect": "Allow",
                "not_actions": [],
                "not_principals": [],
                "not_resources": [],
                "principals": [
                  {
                    "identifiers": [
                      "arn:aws:iam::202712151808:oidc-provider/oidc.eks.us-east-1.amazonaws.com/id/68776981834745DF4DFE7557B2314377"
                    ],
                    "type": "Federated"
                  }
                ],
                "resources": [],
                "sid": ""
              }
            ],
            "version": "2012-10-17"
          },
          "sensitive_attributes": []
        }
      ]
    },
    {
      "module": "module.alb_ingress_irsa",
      "mode": "data",
      "type": "aws_partition",
      "name": "current",
      "provider": "provider[\"registry.terraform.io/hashicorp/aws\"]",
      "instances": [
        {
          "schema_version": 0,
          "attributes": {
            "dns_suffix": "amazonaws.com",
            "id": "aws",
            "partition": "aws",
            "reverse_dns_prefix": "com.amazonaws"
          },
          "sensitive_attributes": []
        }
      ]
    },
    {
      "module": "module.alb_ingress_irsa",
      "mode": "data",
      "type": "aws_region",
      "name": "current",
      "provider": "provider[\"registry.terraform.io/hashicorp/aws\"]",
      "instances": [
        {
          "schema_version": 0,
          "attributes": {
            "description": "US East (N. Virginia)",
            "endpoint": "ec2.us-east-1.amazonaws.com",
            "id": "us-east-1",
            "name": "us-east-1"
          },
          "sensitive_attributes": []
        }
      ]
    },
    {
      "module": "module.alb_ingress_irsa",
      "mode": "managed",
      "type": "aws_iam_role",
      "name": "this",
      "provider": "provider[\"registry.terraform.io/hashicorp/aws\"]",
      "instances": [
        {
          "index_key": 0,
          "schema_version": 0,
          "attributes": {
            "arn": "arn:aws:iam::202712151808:role/alb-ingress-controller-irsa",
            "assume_role_policy": "{\"Statement\":[{\"Action\":\"sts:AssumeRoleWithWebIdentity\",\"Condition\":{\"StringEquals\":{\"oidc.eks.us-east-1.amazonaws.com/id/68776981834745DF4DFE7557B2314377:aud\":\"sts.amazonaws.com\",\"oidc.eks.us-east-1.amazonaws.com/id/68776981834745DF4DFE7557B2314377:sub\":\"system:serviceaccount:kube-system:aws-load-balancer-controller\"}},\"Effect\":\"Allow\",\"Principal\":{\"Federated\":\"arn:aws:iam::202712151808:oidc-provider/oidc.eks.us-east-1.amazonaws.com/id/68776981834745DF4DFE7557B2314377\"}}],\"Version\":\"2012-10-17\"}",
            "create_date": "2025-05-26T05:09:37Z",
            "description": "",
            "force_detach_policies": true,
            "id": "alb-ingress-controller-irsa",
            "inline_policy": [],
            "managed_policy_arns": [
              "arn:aws:iam::202712151808:policy/alb-ingress-extra"
            ],
            "max_session_duration": 3600,
            "name": "alb-ingress-controller-irsa",
            "name_prefix": "",
            "path": "/",
            "permissions_boundary": "",
            "tags": {},
            "tags_all": {},
            "unique_id": "AROAS6MUV64ANCB4FAI25"
          },
          "sensitive_attributes": [],
          "private": "bnVsbA==",
          "dependencies": [
            "aws_eks_cluster.eks",
            "aws_iam_role.master",
            "aws_iam_role_policy_attachment.AmazonEKSClusterPolicy",
            "aws_iam_role_policy_attachment.AmazonEKSServicePolicy",
            "aws_iam_role_policy_attachment.AmazonEKSVPCResourceController",
            "aws_subnet.pub_sub1",
            "aws_subnet.pub_sub2",
            "aws_vpc.vpc",
            "data.aws_iam_openid_connect_provider.oidc",
            "module.alb_ingress_irsa.data.aws_caller_identity.current",
            "module.alb_ingress_irsa.data.aws_iam_policy_document.this",
            "module.alb_ingress_irsa.data.aws_partition.current",
            "null_resource.download_policy"
          ]
        }
      ]
    },
    {
      "module": "module.ebs_csi_eks_role",
      "mode": "data",
      "type": "aws_caller_identity",
      "name": "current",
      "provider": "provider[\"registry.terraform.io/hashicorp/aws\"]",
      "instances": [
        {
          "schema_version": 0,
          "attributes": {
            "account_id": "202712151808",
            "arn": "arn:aws:iam::202712151808:user/Admin",
            "id": "202712151808",
            "user_id": "AIDAS6MUV64APUYHWQLBY"
          },
          "sensitive_attributes": []
        }
      ]
    },
    {
      "module": "module.ebs_csi_eks_role",
      "mode": "data",
      "type": "aws_iam_policy_document",
      "name": "this",
      "provider": "provider[\"registry.terraform.io/hashicorp/aws\"]",
      "instances": [
        {
          "index_key": 0,
          "schema_version": 0,
          "attributes": {
            "id": "612915982",
            "json": "{\n  \"Version\": \"2012-10-17\",\n  \"Statement\": [\n    {\n      \"Effect\": \"Allow\",\n      \"Action\": \"sts:AssumeRoleWithWebIdentity\",\n      \"Principal\": {\n        \"Federated\": \"arn:aws:iam::202712151808:oidc-provider/oidc.eks.us-east-1.amazonaws.com/id/68776981834745DF4DFE7557B2314377\"\n      },\n      \"Condition\": {\n        \"StringEquals\": {\n          \"oidc.eks.us-east-1.amazonaws.com/id/68776981834745DF4DFE7557B2314377:aud\": \"sts.amazonaws.com\",\n          \"oidc.eks.us-east-1.amazonaws.com/id/68776981834745DF4DFE7557B2314377:sub\": \"system:serviceaccount:kube-system:ebs-csi-controller-sa\"\n        }\n      }\n    }\n  ]\n}",
            "minified_json": "{\"Version\":\"2012-10-17\",\"Statement\":[{\"Effect\":\"Allow\",\"Action\":\"sts:AssumeRoleWithWebIdentity\",\"Principal\":{\"Federated\":\"arn:aws:iam::202712151808:oidc-provider/oidc.eks.us-east-1.amazonaws.com/id/68776981834745DF4DFE7557B2314377\"},\"Condition\":{\"StringEquals\":{\"oidc.eks.us-east-1.amazonaws.com/id/68776981834745DF4DFE7557B2314377:aud\":\"sts.amazonaws.com\",\"oidc.eks.us-east-1.amazonaws.com/id/68776981834745DF4DFE7557B2314377:sub\":\"system:serviceaccount:kube-system:ebs-csi-controller-sa\"}}}]}",
            "override_json": null,
            "override_policy_documents": null,
            "policy_id": null,
            "source_json": null,
            "source_policy_documents": null,
            "statement": [
              {
                "actions": [
                  "sts:AssumeRoleWithWebIdentity"
                ],
                "condition": [
                  {
                    "test": "StringEquals",
                    "values": [
                      "sts.amazonaws.com"
                    ],
                    "variable": "oidc.eks.us-east-1.amazonaws.com/id/68776981834745DF4DFE7557B2314377:aud"
                  },
                  {
                    "test": "StringEquals",
                    "values": [
                      "system:serviceaccount:kube-system:ebs-csi-controller-sa"
                    ],
                    "variable": "oidc.eks.us-east-1.amazonaws.com/id/68776981834745DF4DFE7557B2314377:sub"
                  }
                ],
                "effect": "Allow",
                "not_actions": [],
                "not_principals": [],
                "not_resources": [],
                "principals": [
                  {
                    "identifiers": [
                      "arn:aws:iam::202712151808:oidc-provider/oidc.eks.us-east-1.amazonaws.com/id/68776981834745DF4DFE7557B2314377"
                    ],
                    "type": "Federated"
                  }
                ],
                "resources": [],
                "sid": ""
              }
            ],
            "version": "2012-10-17"
          },
          "sensitive_attributes": []
        }
      ]
    },
    {
      "module": "module.ebs_csi_eks_role",
      "mode": "data",
      "type": "aws_partition",
      "name": "current",
      "provider": "provider[\"registry.terraform.io/hashicorp/aws\"]",
      "instances": [
        {
          "schema_version": 0,
          "attributes": {
            "dns_suffix": "amazonaws.com",
            "id": "aws",
            "partition": "aws",
            "reverse_dns_prefix": "com.amazonaws"
          },
          "sensitive_attributes": []
        }
      ]
    },
    {
      "module": "module.ebs_csi_eks_role",
      "mode": "data",
      "type": "aws_region",
      "name": "current",
      "provider": "provider[\"registry.terraform.io/hashicorp/aws\"]",
      "instances": [
        {
          "schema_version": 0,
          "attributes": {
            "description": "US East (N. Virginia)",
            "endpoint": "ec2.us-east-1.amazonaws.com",
            "id": "us-east-1",
            "name": "us-east-1"
          },
          "sensitive_attributes": []
        }
      ]
    },
    {
      "module": "module.ebs_csi_eks_role",
      "mode": "managed",
      "type": "aws_iam_role",
      "name": "this",
      "provider": "provider[\"registry.terraform.io/hashicorp/aws\"]",
      "instances": [
        {
          "index_key": 0,
          "schema_version": 0,
          "attributes": {
            "arn": "arn:aws:iam::202712151808:role/ebs-csi-driver",
            "assume_role_policy": "{\"Statement\":[{\"Action\":\"sts:AssumeRoleWithWebIdentity\",\"Condition\":{\"StringEquals\":{\"oidc.eks.us-east-1.amazonaws.com/id/68776981834745DF4DFE7557B2314377:aud\":\"sts.amazonaws.com\",\"oidc.eks.us-east-1.amazonaws.com/id/68776981834745DF4DFE7557B2314377:sub\":\"system:serviceaccount:kube-system:ebs-csi-controller-sa\"}},\"Effect\":\"Allow\",\"Principal\":{\"Federated\":\"arn:aws:iam::202712151808:oidc-provider/oidc.eks.us-east-1.amazonaws.com/id/68776981834745DF4DFE7557B2314377\"}}],\"Version\":\"2012-10-17\"}",
            "create_date": "2025-05-26T03:30:48Z",
            "description": "",
            "force_detach_policies": true,
            "id": "ebs-csi-driver",
            "inline_policy": [],
            "managed_policy_arns": [
              "arn:aws:iam::aws:policy/service-role/AmazonEBSCSIDriverPolicy"
            ],
            "max_session_duration": 3600,
            "name": "ebs-csi-driver",
            "name_prefix": "",
            "path": "/",
            "permissions_boundary": "",
            "tags": {},
            "tags_all": {},
            "unique_id": "AROAS6MUV64APQT6HUEEI"
          },
          "sensitive_attributes": [],
          "private": "bnVsbA==",
          "dependencies": [
            "data.aws_iam_openid_connect_provider.oidc",
            "module.ebs_csi_eks_role.data.aws_caller_identity.current",
            "module.ebs_csi_eks_role.data.aws_iam_policy_document.this",
            "module.ebs_csi_eks_role.data.aws_partition.current"
          ]
        }
      ]
    },
    {
      "module": "module.efs",
      "mode": "data",
      "type": "aws_iam_policy_document",
      "name": "policy",
      "provider": "provider[\"registry.terraform.io/hashicorp/aws\"]",
      "instances": [
        {
          "index_key": 0,
          "schema_version": 0,
          "attributes": {
            "id": "2257089269",
            "json": "{\n  \"Version\": \"2012-10-17\",\n  \"Statement\": [\n    {\n      \"Sid\": \"NonSecureTransport\",\n      \"Effect\": \"Deny\",\n      \"Action\": \"*\",\n      \"Resource\": \"arn:aws:elasticfilesystem:us-east-1:202712151808:file-system/fs-008aa0937401526e0\",\n      \"Principal\": {\n        \"AWS\": \"*\"\n      },\n      \"Condition\": {\n        \"Bool\": {\n          \"aws:SecureTransport\": \"false\"\n        }\n      }\n    },\n    {\n      \"Sid\": \"NonSecureTransportAccessedViaMountTarget\",\n      \"Effect\": \"Allow\",\n      \"Action\": [\n        \"elasticfilesystem:ClientWrite\",\n        \"elasticfilesystem:ClientRootAccess\",\n        \"elasticfilesystem:ClientMount\"\n      ],\n      \"Resource\": \"arn:aws:elasticfilesystem:us-east-1:202712151808:file-system/fs-008aa0937401526e0\",\n      \"Principal\": {\n        \"AWS\": \"*\"\n      },\n      \"Condition\": {\n        \"Bool\": {\n          \"elasticfilesystem:AccessedViaMountTarget\": \"true\"\n        }\n      }\n    }\n  ]\n}",
            "minified_json": "{\"Version\":\"2012-10-17\",\"Statement\":[{\"Sid\":\"NonSecureTransport\",\"Effect\":\"Deny\",\"Action\":\"*\",\"Resource\":\"arn:aws:elasticfilesystem:us-east-1:202712151808:file-system/fs-008aa0937401526e0\",\"Principal\":{\"AWS\":\"*\"},\"Condition\":{\"Bool\":{\"aws:SecureTransport\":\"false\"}}},{\"Sid\":\"NonSecureTransportAccessedViaMountTarget\",\"Effect\":\"Allow\",\"Action\":[\"elasticfilesystem:ClientWrite\",\"elasticfilesystem:ClientRootAccess\",\"elasticfilesystem:ClientMount\"],\"Resource\":\"arn:aws:elasticfilesystem:us-east-1:202712151808:file-system/fs-008aa0937401526e0\",\"Principal\":{\"AWS\":\"*\"},\"Condition\":{\"Bool\":{\"elasticfilesystem:AccessedViaMountTarget\":\"true\"}}}]}",
            "override_json": null,
            "override_policy_documents": null,
            "policy_id": null,
            "source_json": null,
            "source_policy_documents": null,
            "statement": [
              {
                "actions": [
                  "*"
                ],
                "condition": [
                  {
                    "test": "Bool",
                    "values": [
                      "false"
                    ],
                    "variable": "aws:SecureTransport"
                  }
                ],
                "effect": "Deny",
                "not_actions": [],
                "not_principals": [],
                "not_resources": [],
                "principals": [
                  {
                    "identifiers": [
                      "*"
                    ],
                    "type": "AWS"
                  }
                ],
                "resources": [
                  "arn:aws:elasticfilesystem:us-east-1:202712151808:file-system/fs-008aa0937401526e0"
                ],
                "sid": "NonSecureTransport"
              },
              {
                "actions": [
                  "elasticfilesystem:ClientMount",
                  "elasticfilesystem:ClientRootAccess",
                  "elasticfilesystem:ClientWrite"
                ],
                "condition": [
                  {
                    "test": "Bool",
                    "values": [
                      "true"
                    ],
                    "variable": "elasticfilesystem:AccessedViaMountTarget"
                  }
                ],
                "effect": "Allow",
                "not_actions": [],
                "not_principals": [],
                "not_resources": [],
                "principals": [
                  {
                    "identifiers": [
                      "*"
                    ],
                    "type": "AWS"
                  }
                ],
                "resources": [
                  "arn:aws:elasticfilesystem:us-east-1:202712151808:file-system/fs-008aa0937401526e0"
                ],
                "sid": "NonSecureTransportAccessedViaMountTarget"
              }
            ],
            "version": "2012-10-17"
          },
          "sensitive_attributes": []
        }
      ]
    },
    {
      "module": "module.efs",
      "mode": "managed",
      "type": "aws_efs_backup_policy",
      "name": "this",
      "provider": "provider[\"registry.terraform.io/hashicorp/aws\"]",
      "instances": [
        {
          "index_key": 0,
          "schema_version": 0,
          "attributes": {
            "backup_policy": [
              {
                "status": "ENABLED"
              }
            ],
            "file_system_id": "fs-008aa0937401526e0",
            "id": "fs-008aa0937401526e0"
          },
          "sensitive_attributes": [],
          "private": "bnVsbA==",
          "dependencies": [
            "module.efs.aws_efs_file_system.this"
          ]
        }
      ]
    },
    {
      "module": "module.efs",
      "mode": "managed",
      "type": "aws_efs_file_system",
      "name": "this",
      "provider": "provider[\"registry.terraform.io/hashicorp/aws\"]",
      "instances": [
        {
          "index_key": 0,
          "schema_version": 0,
          "attributes": {
            "arn": "arn:aws:elasticfilesystem:us-east-1:202712151808:file-system/fs-008aa0937401526e0",
            "availability_zone_id": "",
            "availability_zone_name": "",
            "creation_token": "efs-test-token",
            "dns_name": "fs-008aa0937401526e0.efs.us-east-1.amazonaws.com",
            "encrypted": true,
            "id": "fs-008aa0937401526e0",
            "kms_key_id": "arn:aws:kms:us-east-1:202712151808:key/08efae98-e50e-4306-87a6-91ebf5dafc15",
            "lifecycle_policy": [
              {
                "transition_to_archive": "",
                "transition_to_ia": "AFTER_30_DAYS",
                "transition_to_primary_storage_class": ""
              }
            ],
            "name": "efs-test",
            "number_of_mount_targets": 2,
            "owner_id": "202712151808",
            "performance_mode": "generalPurpose",
            "protection": [
              {
                "replication_overwrite": "ENABLED"
              }
            ],
            "provisioned_throughput_in_mibps": 0,
            "size_in_bytes": [
              {
                "value": 167936,
                "value_in_ia": 0,
                "value_in_standard": 167936
              }
            ],
            "tags": {
              "Environment": "dev",
              "Name": "efs-test",
              "Terraform": "true"
            },
            "tags_all": {
              "Environment": "dev",
              "Name": "efs-test",
              "Terraform": "true"
            },
            "throughput_mode": "bursting"
          },
          "sensitive_attributes": [],
          "private": "bnVsbA=="
        }
      ]
    },
    {
      "module": "module.efs",
      "mode": "managed",
      "type": "aws_efs_file_system_policy",
      "name": "this",
      "provider": "provider[\"registry.terraform.io/hashicorp/aws\"]",
      "instances": [
        {
          "index_key": 0,
          "schema_version": 0,
          "attributes": {
            "bypass_policy_lockout_safety_check": false,
            "file_system_id": "fs-008aa0937401526e0",
            "id": "fs-008aa0937401526e0",
            "policy": "{\"Statement\":[{\"Action\":\"*\",\"Condition\":{\"Bool\":{\"aws:SecureTransport\":\"false\"}},\"Effect\":\"Deny\",\"Principal\":{\"AWS\":\"*\"},\"Resource\":\"arn:aws:elasticfilesystem:us-east-1:202712151808:file-system/fs-008aa0937401526e0\",\"Sid\":\"NonSecureTransport\"},{\"Action\":[\"elasticfilesystem:ClientWrite\",\"elasticfilesystem:ClientRootAccess\",\"elasticfilesystem:ClientMount\"],\"Condition\":{\"Bool\":{\"elasticfilesystem:AccessedViaMountTarget\":\"true\"}},\"Effect\":\"Allow\",\"Principal\":{\"AWS\":\"*\"},\"Resource\":\"arn:aws:elasticfilesystem:us-east-1:202712151808:file-system/fs-008aa0937401526e0\",\"Sid\":\"NonSecureTransportAccessedViaMountTarget\"}],\"Version\":\"2012-10-17\"}"
          },
          "sensitive_attributes": [],
          "private": "bnVsbA==",
          "dependencies": [
            "module.efs.aws_efs_file_system.this",
            "module.efs.data.aws_iam_policy_document.policy"
          ]
        }
      ]
    },
    {
      "module": "module.efs",
      "mode": "managed",
      "type": "aws_efs_mount_target",
      "name": "this",
      "provider": "provider[\"registry.terraform.io/hashicorp/aws\"]",
      "instances": [
        {
          "index_key": "mount-0",
          "schema_version": 0,
          "attributes": {
            "availability_zone_id": "use1-az2",
            "availability_zone_name": "us-east-1a",
            "dns_name": "fs-008aa0937401526e0.efs.us-east-1.amazonaws.com",
            "file_system_arn": "arn:aws:elasticfilesystem:us-east-1:202712151808:file-system/fs-008aa0937401526e0",
            "file_system_id": "fs-008aa0937401526e0",
            "id": "fsmt-03d986575db8567df",
            "ip_address": "192.168.1.110",
            "mount_target_dns_name": "us-east-1a.fs-008aa0937401526e0.efs.us-east-1.amazonaws.com",
            "network_interface_id": "eni-03c356b2697ee2c5c",
            "owner_id": "202712151808",
            "security_groups": [
              "sg-0924a4ced8ea97b1c"
            ],
            "subnet_id": "subnet-05bb9c5953b444440",
            "timeouts": null
          },
          "sensitive_attributes": [],
          "private": "eyJlMmJmYjczMC1lY2FhLTExZTYtOGY4OC0zNDM2M2JjN2M0YzAiOnsiY3JlYXRlIjoxODAwMDAwMDAwMDAwLCJkZWxldGUiOjYwMDAwMDAwMDAwMH19",
          "dependencies": [
            "aws_vpc.vpc",
            "module.efs.aws_efs_file_system.this",
            "module.efs.aws_security_group.this"
          ]
        },
        {
          "index_key": "mount-1",
          "schema_version": 0,
          "attributes": {
            "availability_zone_id": "use1-az4",
            "availability_zone_name": "us-east-1b",
            "dns_name": "fs-008aa0937401526e0.efs.us-east-1.amazonaws.com",
            "file_system_arn": "arn:aws:elasticfilesystem:us-east-1:202712151808:file-system/fs-008aa0937401526e0",
            "file_system_id": "fs-008aa0937401526e0",
            "id": "fsmt-05fe1bbfaa5c71be0",
            "ip_address": "192.168.2.120",
            "mount_target_dns_name": "us-east-1b.fs-008aa0937401526e0.efs.us-east-1.amazonaws.com",
            "network_interface_id": "eni-0c41ba683feb2d5e7",
            "owner_id": "202712151808",
            "security_groups": [
              "sg-0924a4ced8ea97b1c"
            ],
            "subnet_id": "subnet-0f1e2081eb1b9dff8",
            "timeouts": null
          },
          "sensitive_attributes": [],
          "private": "eyJlMmJmYjczMC1lY2FhLTExZTYtOGY4OC0zNDM2M2JjN2M0YzAiOnsiY3JlYXRlIjoxODAwMDAwMDAwMDAwLCJkZWxldGUiOjYwMDAwMDAwMDAwMH19",
          "dependencies": [
            "aws_vpc.vpc",
            "module.efs.aws_efs_file_system.this",
            "module.efs.aws_security_group.this"
          ]
        }
      ]
    },
    {
      "module": "module.efs",
      "mode": "managed",
      "type": "aws_security_group",
      "name": "this",
      "provider": "provider[\"registry.terraform.io/hashicorp/aws\"]",
      "instances": [
        {
          "index_key": 0,
          "schema_version": 1,
          "attributes": {
            "arn": "arn:aws:ec2:us-east-1:202712151808:security-group/sg-0924a4ced8ea97b1c",
            "description": "Example EFS security group",
            "egress": [],
            "id": "sg-0924a4ced8ea97b1c",
            "ingress": [
              {
                "cidr_blocks": [
                  "192.168.1.0/24",
                  "192.168.2.0/24"
                ],
                "description": "NFS ingress from VPC private subnets",
                "from_port": 2049,
                "ipv6_cidr_blocks": [],
                "prefix_list_ids": [],
                "protocol": "tcp",
                "security_groups": [],
                "self": false,
                "to_port": 2049
              }
            ],
            "name": "efs-test",
            "name_prefix": "",
            "owner_id": "202712151808",
            "revoke_rules_on_delete": true,
            "tags": {
              "Environment": "dev",
              "Name": "efs-test",
              "Terraform": "true"
            },
            "tags_all": {
              "Environment": "dev",
              "Name": "efs-test",
              "Terraform": "true"
            },
            "timeouts": null,
            "vpc_id": "vpc-034e4829818cd3646"
          },
          "sensitive_attributes": [],
          "private": "eyJlMmJmYjczMC1lY2FhLTExZTYtOGY4OC0zNDM2M2JjN2M0YzAiOnsiY3JlYXRlIjo2MDAwMDAwMDAwMDAsImRlbGV0ZSI6OTAwMDAwMDAwMDAwfSwic2NoZW1hX3ZlcnNpb24iOiIxIn0=",
          "dependencies": [
            "aws_vpc.vpc"
          ],
          "create_before_destroy": true
        }
      ]
    },
    {
      "module": "module.efs",
      "mode": "managed",
      "type": "aws_security_group_rule",
      "name": "this",
      "provider": "provider[\"registry.terraform.io/hashicorp/aws\"]",
      "instances": [
        {
          "index_key": "vpc",
          "schema_version": 2,
          "attributes": {
            "cidr_blocks": [
              "192.168.1.0/24",
              "192.168.2.0/24"
            ],
            "description": "NFS ingress from VPC private subnets",
            "from_port": 2049,
            "id": "sgrule-1861697664",
            "ipv6_cidr_blocks": null,
            "prefix_list_ids": null,
            "protocol": "tcp",
            "security_group_id": "sg-0924a4ced8ea97b1c",
            "security_group_rule_id": "",
            "self": false,
            "source_security_group_id": null,
            "timeouts": null,
            "to_port": 2049,
            "type": "ingress"
          },
          "sensitive_attributes": [],
          "private": "eyJlMmJmYjczMC1lY2FhLTExZTYtOGY4OC0zNDM2M2JjN2M0YzAiOnsiY3JlYXRlIjozMDAwMDAwMDAwMDB9LCJzY2hlbWFfdmVyc2lvbiI6IjIifQ==",
          "dependencies": [
            "aws_vpc.vpc",
            "data.aws_subnet.efs_subnets",
            "module.efs.aws_security_group.this"
          ],
          "create_before_destroy": true
        }
      ]
    },
    {
      "module": "module.efs_csi_eks_role",
      "mode": "data",
      "type": "aws_caller_identity",
      "name": "current",
      "provider": "provider[\"registry.terraform.io/hashicorp/aws\"]",
      "instances": [
        {
          "schema_version": 0,
          "attributes": {
            "account_id": "202712151808",
            "arn": "arn:aws:iam::202712151808:user/Admin",
            "id": "202712151808",
            "user_id": "AIDAS6MUV64APUYHWQLBY"
          },
          "sensitive_attributes": []
        }
      ]
    },
    {
      "module": "module.efs_csi_eks_role",
      "mode": "data",
      "type": "aws_iam_policy_document",
      "name": "this",
      "provider": "provider[\"registry.terraform.io/hashicorp/aws\"]",
      "instances": [
        {
          "index_key": 0,
          "schema_version": 0,
          "attributes": {
            "id": "3130104256",
            "json": "{\n  \"Version\": \"2012-10-17\",\n  \"Statement\": [\n    {\n      \"Effect\": \"Allow\",\n      \"Action\": \"sts:AssumeRoleWithWebIdentity\",\n      \"Principal\": {\n        \"Federated\": \"arn:aws:iam::202712151808:oidc-provider/oidc.eks.us-east-1.amazonaws.com/id/68776981834745DF4DFE7557B2314377\"\n      },\n      \"Condition\": {\n        \"StringEquals\": {\n          \"oidc.eks.us-east-1.amazonaws.com/id/68776981834745DF4DFE7557B2314377:aud\": \"sts.amazonaws.com\",\n          \"oidc.eks.us-east-1.amazonaws.com/id/68776981834745DF4DFE7557B2314377:sub\": \"system:serviceaccount:kube-system:efs-csi-controller-sa\"\n        }\n      }\n    }\n  ]\n}",
            "minified_json": "{\"Version\":\"2012-10-17\",\"Statement\":[{\"Effect\":\"Allow\",\"Action\":\"sts:AssumeRoleWithWebIdentity\",\"Principal\":{\"Federated\":\"arn:aws:iam::202712151808:oidc-provider/oidc.eks.us-east-1.amazonaws.com/id/68776981834745DF4DFE7557B2314377\"},\"Condition\":{\"StringEquals\":{\"oidc.eks.us-east-1.amazonaws.com/id/68776981834745DF4DFE7557B2314377:aud\":\"sts.amazonaws.com\",\"oidc.eks.us-east-1.amazonaws.com/id/68776981834745DF4DFE7557B2314377:sub\":\"system:serviceaccount:kube-system:efs-csi-controller-sa\"}}}]}",
            "override_json": null,
            "override_policy_documents": null,
            "policy_id": null,
            "source_json": null,
            "source_policy_documents": null,
            "statement": [
              {
                "actions": [
                  "sts:AssumeRoleWithWebIdentity"
                ],
                "condition": [
                  {
                    "test": "StringEquals",
                    "values": [
                      "sts.amazonaws.com"
                    ],
                    "variable": "oidc.eks.us-east-1.amazonaws.com/id/68776981834745DF4DFE7557B2314377:aud"
                  },
                  {
                    "test": "StringEquals",
                    "values": [
                      "system:serviceaccount:kube-system:efs-csi-controller-sa"
                    ],
                    "variable": "oidc.eks.us-east-1.amazonaws.com/id/68776981834745DF4DFE7557B2314377:sub"
                  }
                ],
                "effect": "Allow",
                "not_actions": [],
                "not_principals": [],
                "not_resources": [],
                "principals": [
                  {
                    "identifiers": [
                      "arn:aws:iam::202712151808:oidc-provider/oidc.eks.us-east-1.amazonaws.com/id/68776981834745DF4DFE7557B2314377"
                    ],
                    "type": "Federated"
                  }
                ],
                "resources": [],
                "sid": ""
              }
            ],
            "version": "2012-10-17"
          },
          "sensitive_attributes": []
        }
      ]
    },
    {
      "module": "module.efs_csi_eks_role",
      "mode": "data",
      "type": "aws_partition",
      "name": "current",
      "provider": "provider[\"registry.terraform.io/hashicorp/aws\"]",
      "instances": [
        {
          "schema_version": 0,
          "attributes": {
            "dns_suffix": "amazonaws.com",
            "id": "aws",
            "partition": "aws",
            "reverse_dns_prefix": "com.amazonaws"
          },
          "sensitive_attributes": []
        }
      ]
    },
    {
      "module": "module.efs_csi_eks_role",
      "mode": "data",
      "type": "aws_region",
      "name": "current",
      "provider": "provider[\"registry.terraform.io/hashicorp/aws\"]",
      "instances": [
        {
          "schema_version": 0,
          "attributes": {
            "description": "US East (N. Virginia)",
            "endpoint": "ec2.us-east-1.amazonaws.com",
            "id": "us-east-1",
            "name": "us-east-1"
          },
          "sensitive_attributes": []
        }
      ]
    },
    {
      "module": "module.efs_csi_eks_role",
      "mode": "managed",
      "type": "aws_iam_role",
      "name": "this",
      "provider": "provider[\"registry.terraform.io/hashicorp/aws\"]",
      "instances": [
        {
          "index_key": 0,
          "schema_version": 0,
          "attributes": {
            "arn": "arn:aws:iam::202712151808:role/efs_csi",
            "assume_role_policy": "{\"Statement\":[{\"Action\":\"sts:AssumeRoleWithWebIdentity\",\"Condition\":{\"StringEquals\":{\"oidc.eks.us-east-1.amazonaws.com/id/68776981834745DF4DFE7557B2314377:aud\":\"sts.amazonaws.com\",\"oidc.eks.us-east-1.amazonaws.com/id/68776981834745DF4DFE7557B2314377:sub\":\"system:serviceaccount:kube-system:efs-csi-controller-sa\"}},\"Effect\":\"Allow\",\"Principal\":{\"Federated\":\"arn:aws:iam::202712151808:oidc-provider/oidc.eks.us-east-1.amazonaws.com/id/68776981834745DF4DFE7557B2314377\"}}],\"Version\":\"2012-10-17\"}",
            "create_date": "2025-05-26T03:53:14Z",
            "description": "",
            "force_detach_policies": true,
            "id": "efs_csi",
            "inline_policy": [],
            "managed_policy_arns": [
              "arn:aws:iam::aws:policy/service-role/AmazonEFSCSIDriverPolicy"
            ],
            "max_session_duration": 3600,
            "name": "efs_csi",
            "name_prefix": "",
            "path": "/",
            "permissions_boundary": "",
            "tags": {},
            "tags_all": {},
            "unique_id": "AROAS6MUV64ABHTWTNWGO"
          },
          "sensitive_attributes": [],
          "private": "bnVsbA==",
          "dependencies": [
            "data.aws_iam_openid_connect_provider.oidc",
            "module.efs_csi_eks_role.data.aws_caller_identity.current",
            "module.efs_csi_eks_role.data.aws_iam_policy_document.this",
            "module.efs_csi_eks_role.data.aws_partition.current"
          ]
        }
      ]
    }
  ],
  "check_results": null
}
